// !$*UTF8*$!
{
	archiveVersion = 1;
	classes = {
	};
	objectVersion = 46;
	objects = {

/* Begin PBXBuildFile section */
		376B5F291EF3BD0600EA3F54 /* FriendsListViewController.swift in Sources */ = {isa = PBXBuildFile; fileRef = 376B5F281EF3BD0600EA3F54 /* FriendsListViewController.swift */; };
		376B5F2B1EF3BEFF00EA3F54 /* AvailabilityViewController.swift in Sources */ = {isa = PBXBuildFile; fileRef = 376B5F2A1EF3BEFF00EA3F54 /* AvailabilityViewController.swift */; };
		378501651EF034E4003E4C44 /* ProfileViewController.swift in Sources */ = {isa = PBXBuildFile; fileRef = 378501641EF034E4003E4C44 /* ProfileViewController.swift */; };
		378501671EF03747003E4C44 /* FriendsViewController.swift in Sources */ = {isa = PBXBuildFile; fileRef = 378501661EF03747003E4C44 /* FriendsViewController.swift */; };
		378779D51EEEB46D007F0DC4 /* EventViewController.swift in Sources */ = {isa = PBXBuildFile; fileRef = 378779D41EEEB46D007F0DC4 /* EventViewController.swift */; };
		37AEBCE11EF17845008D425F /* EventDetailsController.swift in Sources */ = {isa = PBXBuildFile; fileRef = 37AEBCE01EF17845008D425F /* EventDetailsController.swift */; };
		37AEBCE31EF178A9008D425F /* HostEventController.swift in Sources */ = {isa = PBXBuildFile; fileRef = 37AEBCE21EF178A9008D425F /* HostEventController.swift */; };
		37D866B91EF386F9009A6AEE /* InviteViewController.swift in Sources */ = {isa = PBXBuildFile; fileRef = 37D866B81EF386F9009A6AEE /* InviteViewController.swift */; };
		9C2B9AF175EE574EC39BE37A /* Pods_pickupTests.framework in Frameworks */ = {isa = PBXBuildFile; fileRef = E2E5D967DD7837C20E0BBE0D /* Pods_pickupTests.framework */; };
		B85891D1293606CBDD898045 /* Pods_pickupUITests.framework in Frameworks */ = {isa = PBXBuildFile; fileRef = 8CC4B237FB854C3819F76700 /* Pods_pickupUITests.framework */; };
		C08325C82E01B5A6418183ED /* Pods_pickup.framework in Frameworks */ = {isa = PBXBuildFile; fileRef = 422796C3AEE507956CC6F5D1 /* Pods_pickup.framework */; };
		CC8666B41EDF280F00CBB922 /* AppDelegate.swift in Sources */ = {isa = PBXBuildFile; fileRef = CC8666B31EDF280F00CBB922 /* AppDelegate.swift */; };
		CC8666B91EDF280F00CBB922 /* Main.storyboard in Resources */ = {isa = PBXBuildFile; fileRef = CC8666B71EDF280F00CBB922 /* Main.storyboard */; };
		CC8666BB1EDF280F00CBB922 /* Assets.xcassets in Resources */ = {isa = PBXBuildFile; fileRef = CC8666BA1EDF280F00CBB922 /* Assets.xcassets */; };
		CC8666BE1EDF280F00CBB922 /* LaunchScreen.storyboard in Resources */ = {isa = PBXBuildFile; fileRef = CC8666BC1EDF280F00CBB922 /* LaunchScreen.storyboard */; };
		CC8666C91EDF280F00CBB922 /* pickupTests.swift in Sources */ = {isa = PBXBuildFile; fileRef = CC8666C81EDF280F00CBB922 /* pickupTests.swift */; };
		CC8666D41EDF280F00CBB922 /* pickupUITests.swift in Sources */ = {isa = PBXBuildFile; fileRef = CC8666D31EDF280F00CBB922 /* pickupUITests.swift */; };
/* End PBXBuildFile section */

/* Begin PBXContainerItemProxy section */
		CC8666C51EDF280F00CBB922 /* PBXContainerItemProxy */ = {
			isa = PBXContainerItemProxy;
			containerPortal = CC8666A81EDF280E00CBB922 /* Project object */;
			proxyType = 1;
			remoteGlobalIDString = CC8666AF1EDF280E00CBB922;
			remoteInfo = pickup;
		};
		CC8666D01EDF280F00CBB922 /* PBXContainerItemProxy */ = {
			isa = PBXContainerItemProxy;
			containerPortal = CC8666A81EDF280E00CBB922 /* Project object */;
			proxyType = 1;
			remoteGlobalIDString = CC8666AF1EDF280E00CBB922;
			remoteInfo = pickup;
		};
/* End PBXContainerItemProxy section */

/* Begin PBXFileReference section */
		2702AA47A89EBF664DA2A49C /* Pods-pickup.release.xcconfig */ = {isa = PBXFileReference; includeInIndex = 1; lastKnownFileType = text.xcconfig; name = "Pods-pickup.release.xcconfig"; path = "Pods/Target Support Files/Pods-pickup/Pods-pickup.release.xcconfig"; sourceTree = "<group>"; };
		376B5F281EF3BD0600EA3F54 /* FriendsListViewController.swift */ = {isa = PBXFileReference; fileEncoding = 4; lastKnownFileType = sourcecode.swift; path = FriendsListViewController.swift; sourceTree = "<group>"; };
		376B5F2A1EF3BEFF00EA3F54 /* AvailabilityViewController.swift */ = {isa = PBXFileReference; fileEncoding = 4; lastKnownFileType = sourcecode.swift; path = AvailabilityViewController.swift; sourceTree = "<group>"; };
		378501641EF034E4003E4C44 /* ProfileViewController.swift */ = {isa = PBXFileReference; fileEncoding = 4; lastKnownFileType = sourcecode.swift; path = ProfileViewController.swift; sourceTree = "<group>"; };
		378501661EF03747003E4C44 /* FriendsViewController.swift */ = {isa = PBXFileReference; fileEncoding = 4; lastKnownFileType = sourcecode.swift; path = FriendsViewController.swift; sourceTree = "<group>"; };
		378779D41EEEB46D007F0DC4 /* EventViewController.swift */ = {isa = PBXFileReference; fileEncoding = 4; lastKnownFileType = sourcecode.swift; path = EventViewController.swift; sourceTree = "<group>"; };
		37AEBCE01EF17845008D425F /* EventDetailsController.swift */ = {isa = PBXFileReference; fileEncoding = 4; lastKnownFileType = sourcecode.swift; path = EventDetailsController.swift; sourceTree = "<group>"; };
		37AEBCE21EF178A9008D425F /* HostEventController.swift */ = {isa = PBXFileReference; fileEncoding = 4; lastKnownFileType = sourcecode.swift; path = HostEventController.swift; sourceTree = "<group>"; };
		37D866B81EF386F9009A6AEE /* InviteViewController.swift */ = {isa = PBXFileReference; fileEncoding = 4; lastKnownFileType = sourcecode.swift; path = InviteViewController.swift; sourceTree = "<group>"; };
		422796C3AEE507956CC6F5D1 /* Pods_pickup.framework */ = {isa = PBXFileReference; explicitFileType = wrapper.framework; includeInIndex = 0; path = Pods_pickup.framework; sourceTree = BUILT_PRODUCTS_DIR; };
		44523158AAFBC606DD91FB2E /* Pods-pickupTests.release.xcconfig */ = {isa = PBXFileReference; includeInIndex = 1; lastKnownFileType = text.xcconfig; name = "Pods-pickupTests.release.xcconfig"; path = "Pods/Target Support Files/Pods-pickupTests/Pods-pickupTests.release.xcconfig"; sourceTree = "<group>"; };
		8CC4B237FB854C3819F76700 /* Pods_pickupUITests.framework */ = {isa = PBXFileReference; explicitFileType = wrapper.framework; includeInIndex = 0; path = Pods_pickupUITests.framework; sourceTree = BUILT_PRODUCTS_DIR; };
		8D3EE11DB379BBE30D437334 /* Pods-pickupUITests.debug.xcconfig */ = {isa = PBXFileReference; includeInIndex = 1; lastKnownFileType = text.xcconfig; name = "Pods-pickupUITests.debug.xcconfig"; path = "Pods/Target Support Files/Pods-pickupUITests/Pods-pickupUITests.debug.xcconfig"; sourceTree = "<group>"; };
		8FF5A0A288C0EE6447576DE2 /* Pods-pickupUITests.release.xcconfig */ = {isa = PBXFileReference; includeInIndex = 1; lastKnownFileType = text.xcconfig; name = "Pods-pickupUITests.release.xcconfig"; path = "Pods/Target Support Files/Pods-pickupUITests/Pods-pickupUITests.release.xcconfig"; sourceTree = "<group>"; };
		959594FA4CB1E958854CC5C8 /* Pods-pickup.debug.xcconfig */ = {isa = PBXFileReference; includeInIndex = 1; lastKnownFileType = text.xcconfig; name = "Pods-pickup.debug.xcconfig"; path = "Pods/Target Support Files/Pods-pickup/Pods-pickup.debug.xcconfig"; sourceTree = "<group>"; };
		CC8666B01EDF280F00CBB922 /* pickup.app */ = {isa = PBXFileReference; explicitFileType = wrapper.application; includeInIndex = 0; path = pickup.app; sourceTree = BUILT_PRODUCTS_DIR; };
		CC8666B31EDF280F00CBB922 /* AppDelegate.swift */ = {isa = PBXFileReference; lastKnownFileType = sourcecode.swift; path = AppDelegate.swift; sourceTree = "<group>"; };
		CC8666B81EDF280F00CBB922 /* Base */ = {isa = PBXFileReference; lastKnownFileType = file.storyboard; name = Base; path = Base.lproj/Main.storyboard; sourceTree = "<group>"; };
		CC8666BA1EDF280F00CBB922 /* Assets.xcassets */ = {isa = PBXFileReference; lastKnownFileType = folder.assetcatalog; path = Assets.xcassets; sourceTree = "<group>"; };
		CC8666BD1EDF280F00CBB922 /* Base */ = {isa = PBXFileReference; lastKnownFileType = file.storyboard; name = Base; path = Base.lproj/LaunchScreen.storyboard; sourceTree = "<group>"; };
		CC8666BF1EDF280F00CBB922 /* Info.plist */ = {isa = PBXFileReference; lastKnownFileType = text.plist.xml; path = Info.plist; sourceTree = "<group>"; };
		CC8666C41EDF280F00CBB922 /* pickupTests.xctest */ = {isa = PBXFileReference; explicitFileType = wrapper.cfbundle; includeInIndex = 0; path = pickupTests.xctest; sourceTree = BUILT_PRODUCTS_DIR; };
		CC8666C81EDF280F00CBB922 /* pickupTests.swift */ = {isa = PBXFileReference; lastKnownFileType = sourcecode.swift; path = pickupTests.swift; sourceTree = "<group>"; };
		CC8666CA1EDF280F00CBB922 /* Info.plist */ = {isa = PBXFileReference; lastKnownFileType = text.plist.xml; path = Info.plist; sourceTree = "<group>"; };
		CC8666CF1EDF280F00CBB922 /* pickupUITests.xctest */ = {isa = PBXFileReference; explicitFileType = wrapper.cfbundle; includeInIndex = 0; path = pickupUITests.xctest; sourceTree = BUILT_PRODUCTS_DIR; };
		CC8666D31EDF280F00CBB922 /* pickupUITests.swift */ = {isa = PBXFileReference; lastKnownFileType = sourcecode.swift; path = pickupUITests.swift; sourceTree = "<group>"; };
		CC8666D51EDF280F00CBB922 /* Info.plist */ = {isa = PBXFileReference; lastKnownFileType = text.plist.xml; path = Info.plist; sourceTree = "<group>"; };
		E2E5D967DD7837C20E0BBE0D /* Pods_pickupTests.framework */ = {isa = PBXFileReference; explicitFileType = wrapper.framework; includeInIndex = 0; path = Pods_pickupTests.framework; sourceTree = BUILT_PRODUCTS_DIR; };
		E885845A0ADCFB5F76AF55FF /* Pods-pickupTests.debug.xcconfig */ = {isa = PBXFileReference; includeInIndex = 1; lastKnownFileType = text.xcconfig; name = "Pods-pickupTests.debug.xcconfig"; path = "Pods/Target Support Files/Pods-pickupTests/Pods-pickupTests.debug.xcconfig"; sourceTree = "<group>"; };
/* End PBXFileReference section */

/* Begin PBXFrameworksBuildPhase section */
		CC8666AD1EDF280E00CBB922 /* Frameworks */ = {
			isa = PBXFrameworksBuildPhase;
			buildActionMask = 2147483647;
			files = (
				C08325C82E01B5A6418183ED /* Pods_pickup.framework in Frameworks */,
			);
			runOnlyForDeploymentPostprocessing = 0;
		};
		CC8666C11EDF280F00CBB922 /* Frameworks */ = {
			isa = PBXFrameworksBuildPhase;
			buildActionMask = 2147483647;
			files = (
				9C2B9AF175EE574EC39BE37A /* Pods_pickupTests.framework in Frameworks */,
			);
			runOnlyForDeploymentPostprocessing = 0;
		};
		CC8666CC1EDF280F00CBB922 /* Frameworks */ = {
			isa = PBXFrameworksBuildPhase;
			buildActionMask = 2147483647;
			files = (
				B85891D1293606CBDD898045 /* Pods_pickupUITests.framework in Frameworks */,
			);
			runOnlyForDeploymentPostprocessing = 0;
		};
/* End PBXFrameworksBuildPhase section */

/* Begin PBXGroup section */
		376B5F271EF3BA6E00EA3F54 /* ViewControllers */ = {
			isa = PBXGroup;
			children = (
				37D866B81EF386F9009A6AEE /* InviteViewController.swift */,
				37AEBCE01EF17845008D425F /* EventDetailsController.swift */,
				37AEBCE21EF178A9008D425F /* HostEventController.swift */,
				378501661EF03747003E4C44 /* FriendsViewController.swift */,
				378501641EF034E4003E4C44 /* ProfileViewController.swift */,
				378779D41EEEB46D007F0DC4 /* EventViewController.swift */,
				376B5F281EF3BD0600EA3F54 /* FriendsListViewController.swift */,
				376B5F2A1EF3BEFF00EA3F54 /* AvailabilityViewController.swift */,
			);
			name = ViewControllers;
			sourceTree = "<group>";
		};
		508D08BA6F6B0419F006B034 /* Pods */ = {
			isa = PBXGroup;
			children = (
				959594FA4CB1E958854CC5C8 /* Pods-pickup.debug.xcconfig */,
				2702AA47A89EBF664DA2A49C /* Pods-pickup.release.xcconfig */,
				E885845A0ADCFB5F76AF55FF /* Pods-pickupTests.debug.xcconfig */,
				44523158AAFBC606DD91FB2E /* Pods-pickupTests.release.xcconfig */,
				8D3EE11DB379BBE30D437334 /* Pods-pickupUITests.debug.xcconfig */,
				8FF5A0A288C0EE6447576DE2 /* Pods-pickupUITests.release.xcconfig */,
			);
			name = Pods;
			sourceTree = "<group>";
		};
		9A4580F3B69E98F67803712F /* Frameworks */ = {
			isa = PBXGroup;
			children = (
				422796C3AEE507956CC6F5D1 /* Pods_pickup.framework */,
				E2E5D967DD7837C20E0BBE0D /* Pods_pickupTests.framework */,
				8CC4B237FB854C3819F76700 /* Pods_pickupUITests.framework */,
			);
			name = Frameworks;
			sourceTree = "<group>";
		};
		CC8666A71EDF280E00CBB922 = {
			isa = PBXGroup;
			children = (
				CC8666B21EDF280F00CBB922 /* pickup */,
				CC8666C71EDF280F00CBB922 /* pickupTests */,
				CC8666D21EDF280F00CBB922 /* pickupUITests */,
				CC8666B11EDF280F00CBB922 /* Products */,
				508D08BA6F6B0419F006B034 /* Pods */,
				9A4580F3B69E98F67803712F /* Frameworks */,
			);
			sourceTree = "<group>";
		};
		CC8666B11EDF280F00CBB922 /* Products */ = {
			isa = PBXGroup;
			children = (
				CC8666B01EDF280F00CBB922 /* pickup.app */,
				CC8666C41EDF280F00CBB922 /* pickupTests.xctest */,
				CC8666CF1EDF280F00CBB922 /* pickupUITests.xctest */,
			);
			name = Products;
			sourceTree = "<group>";
		};
		CC8666B21EDF280F00CBB922 /* pickup */ = {
			isa = PBXGroup;
			children = (
				376B5F271EF3BA6E00EA3F54 /* ViewControllers */,
				CC8666B31EDF280F00CBB922 /* AppDelegate.swift */,
				CC8666B71EDF280F00CBB922 /* Main.storyboard */,
				CC8666BA1EDF280F00CBB922 /* Assets.xcassets */,
				CC8666BC1EDF280F00CBB922 /* LaunchScreen.storyboard */,
				CC8666BF1EDF280F00CBB922 /* Info.plist */,
			);
			path = pickup;
			sourceTree = "<group>";
		};
		CC8666C71EDF280F00CBB922 /* pickupTests */ = {
			isa = PBXGroup;
			children = (
				CC8666C81EDF280F00CBB922 /* pickupTests.swift */,
				CC8666CA1EDF280F00CBB922 /* Info.plist */,
			);
			path = pickupTests;
			sourceTree = "<group>";
		};
		CC8666D21EDF280F00CBB922 /* pickupUITests */ = {
			isa = PBXGroup;
			children = (
				CC8666D31EDF280F00CBB922 /* pickupUITests.swift */,
				CC8666D51EDF280F00CBB922 /* Info.plist */,
			);
			path = pickupUITests;
			sourceTree = "<group>";
		};
/* End PBXGroup section */

/* Begin PBXNativeTarget section */
		CC8666AF1EDF280E00CBB922 /* pickup */ = {
			isa = PBXNativeTarget;
			buildConfigurationList = CC8666D81EDF280F00CBB922 /* Build configuration list for PBXNativeTarget "pickup" */;
			buildPhases = (
				6E8CF180E0FCE965EC3086BC /* [CP] Check Pods Manifest.lock */,
				CC8666AC1EDF280E00CBB922 /* Sources */,
				CC8666AD1EDF280E00CBB922 /* Frameworks */,
				CC8666AE1EDF280E00CBB922 /* Resources */,
				E9F5E1FC16475C9314053793 /* [CP] Embed Pods Frameworks */,
				70231A16108ECF1BB56E37D5 /* [CP] Copy Pods Resources */,
			);
			buildRules = (
			);
			dependencies = (
			);
			name = pickup;
			productName = pickup;
			productReference = CC8666B01EDF280F00CBB922 /* pickup.app */;
			productType = "com.apple.product-type.application";
		};
		CC8666C31EDF280F00CBB922 /* pickupTests */ = {
			isa = PBXNativeTarget;
			buildConfigurationList = CC8666DB1EDF280F00CBB922 /* Build configuration list for PBXNativeTarget "pickupTests" */;
			buildPhases = (
				5E3C7A2A970E7FBAE75F7F49 /* [CP] Check Pods Manifest.lock */,
				CC8666C01EDF280F00CBB922 /* Sources */,
				CC8666C11EDF280F00CBB922 /* Frameworks */,
				CC8666C21EDF280F00CBB922 /* Resources */,
				7409643E2E80AACAC2A4C0CD /* [CP] Embed Pods Frameworks */,
				70B73282808D635884ADEAC4 /* [CP] Copy Pods Resources */,
			);
			buildRules = (
			);
			dependencies = (
				CC8666C61EDF280F00CBB922 /* PBXTargetDependency */,
			);
			name = pickupTests;
			productName = pickupTests;
			productReference = CC8666C41EDF280F00CBB922 /* pickupTests.xctest */;
			productType = "com.apple.product-type.bundle.unit-test";
		};
		CC8666CE1EDF280F00CBB922 /* pickupUITests */ = {
			isa = PBXNativeTarget;
			buildConfigurationList = CC8666DE1EDF280F00CBB922 /* Build configuration list for PBXNativeTarget "pickupUITests" */;
			buildPhases = (
				E62D9F8655AE132E6336E927 /* [CP] Check Pods Manifest.lock */,
				CC8666CB1EDF280F00CBB922 /* Sources */,
				CC8666CC1EDF280F00CBB922 /* Frameworks */,
				CC8666CD1EDF280F00CBB922 /* Resources */,
				EE6E1C239A095EB08053CF4A /* [CP] Embed Pods Frameworks */,
				C39CFB9096E9A90CA88B0C95 /* [CP] Copy Pods Resources */,
			);
			buildRules = (
			);
			dependencies = (
				CC8666D11EDF280F00CBB922 /* PBXTargetDependency */,
			);
			name = pickupUITests;
			productName = pickupUITests;
			productReference = CC8666CF1EDF280F00CBB922 /* pickupUITests.xctest */;
			productType = "com.apple.product-type.bundle.ui-testing";
		};
/* End PBXNativeTarget section */

/* Begin PBXProject section */
		CC8666A81EDF280E00CBB922 /* Project object */ = {
			isa = PBXProject;
			attributes = {
				LastSwiftUpdateCheck = 0810;
				LastUpgradeCheck = 0810;
				ORGANIZATIONNAME = CS446;
				TargetAttributes = {
					CC8666AF1EDF280E00CBB922 = {
						CreatedOnToolsVersion = 8.1;
						LastSwiftMigration = 0830;
						ProvisioningStyle = Automatic;
					};
					CC8666C31EDF280F00CBB922 = {
						CreatedOnToolsVersion = 8.1;
						ProvisioningStyle = Automatic;
						TestTargetID = CC8666AF1EDF280E00CBB922;
					};
					CC8666CE1EDF280F00CBB922 = {
						CreatedOnToolsVersion = 8.1;
						ProvisioningStyle = Automatic;
						TestTargetID = CC8666AF1EDF280E00CBB922;
					};
				};
			};
			buildConfigurationList = CC8666AB1EDF280E00CBB922 /* Build configuration list for PBXProject "pickup" */;
			compatibilityVersion = "Xcode 3.2";
			developmentRegion = English;
			hasScannedForEncodings = 0;
			knownRegions = (
				en,
				Base,
			);
			mainGroup = CC8666A71EDF280E00CBB922;
			productRefGroup = CC8666B11EDF280F00CBB922 /* Products */;
			projectDirPath = "";
			projectRoot = "";
			targets = (
				CC8666AF1EDF280E00CBB922 /* pickup */,
				CC8666C31EDF280F00CBB922 /* pickupTests */,
				CC8666CE1EDF280F00CBB922 /* pickupUITests */,
			);
		};
/* End PBXProject section */

/* Begin PBXResourcesBuildPhase section */
		CC8666AE1EDF280E00CBB922 /* Resources */ = {
			isa = PBXResourcesBuildPhase;
			buildActionMask = 2147483647;
			files = (
				CC8666BE1EDF280F00CBB922 /* LaunchScreen.storyboard in Resources */,
				CC8666BB1EDF280F00CBB922 /* Assets.xcassets in Resources */,
				CC8666B91EDF280F00CBB922 /* Main.storyboard in Resources */,
			);
			runOnlyForDeploymentPostprocessing = 0;
		};
		CC8666C21EDF280F00CBB922 /* Resources */ = {
			isa = PBXResourcesBuildPhase;
			buildActionMask = 2147483647;
			files = (
			);
			runOnlyForDeploymentPostprocessing = 0;
		};
		CC8666CD1EDF280F00CBB922 /* Resources */ = {
			isa = PBXResourcesBuildPhase;
			buildActionMask = 2147483647;
			files = (
			);
			runOnlyForDeploymentPostprocessing = 0;
		};
/* End PBXResourcesBuildPhase section */

/* Begin PBXShellScriptBuildPhase section */
		5E3C7A2A970E7FBAE75F7F49 /* [CP] Check Pods Manifest.lock */ = {
			isa = PBXShellScriptBuildPhase;
			buildActionMask = 2147483647;
			files = (
			);
			inputPaths = (
			);
			name = "[CP] Check Pods Manifest.lock";
			outputPaths = (
			);
			runOnlyForDeploymentPostprocessing = 0;
			shellPath = /bin/sh;
			shellScript = "diff \"${PODS_PODFILE_DIR_PATH}/Podfile.lock\" \"${PODS_ROOT}/Manifest.lock\" > /dev/null\nif [ $? != 0 ] ; then\n    # print error to STDERR\n    echo \"error: The sandbox is not in sync with the Podfile.lock. Run 'pod install' or update your CocoaPods installation.\" >&2\n    exit 1\nfi\n";
			showEnvVarsInLog = 0;
		};
		6E8CF180E0FCE965EC3086BC /* [CP] Check Pods Manifest.lock */ = {
			isa = PBXShellScriptBuildPhase;
			buildActionMask = 2147483647;
			files = (
			);
			inputPaths = (
			);
			name = "[CP] Check Pods Manifest.lock";
			outputPaths = (
			);
			runOnlyForDeploymentPostprocessing = 0;
			shellPath = /bin/sh;
			shellScript = "diff \"${PODS_PODFILE_DIR_PATH}/Podfile.lock\" \"${PODS_ROOT}/Manifest.lock\" > /dev/null\nif [ $? != 0 ] ; then\n    # print error to STDERR\n    echo \"error: The sandbox is not in sync with the Podfile.lock. Run 'pod install' or update your CocoaPods installation.\" >&2\n    exit 1\nfi\n";
			showEnvVarsInLog = 0;
		};
		70231A16108ECF1BB56E37D5 /* [CP] Copy Pods Resources */ = {
			isa = PBXShellScriptBuildPhase;
			buildActionMask = 2147483647;
			files = (
			);
			inputPaths = (
			);
			name = "[CP] Copy Pods Resources";
			outputPaths = (
			);
			runOnlyForDeploymentPostprocessing = 0;
			shellPath = /bin/sh;
			shellScript = "\"${SRCROOT}/Pods/Target Support Files/Pods-pickup/Pods-pickup-resources.sh\"\n";
			showEnvVarsInLog = 0;
		};
		70B73282808D635884ADEAC4 /* [CP] Copy Pods Resources */ = {
			isa = PBXShellScriptBuildPhase;
			buildActionMask = 2147483647;
			files = (
			);
			inputPaths = (
			);
			name = "[CP] Copy Pods Resources";
			outputPaths = (
			);
			runOnlyForDeploymentPostprocessing = 0;
			shellPath = /bin/sh;
			shellScript = "\"${SRCROOT}/Pods/Target Support Files/Pods-pickupTests/Pods-pickupTests-resources.sh\"\n";
			showEnvVarsInLog = 0;
		};
		7409643E2E80AACAC2A4C0CD /* [CP] Embed Pods Frameworks */ = {
			isa = PBXShellScriptBuildPhase;
			buildActionMask = 2147483647;
			files = (
			);
			inputPaths = (
			);
			name = "[CP] Embed Pods Frameworks";
			outputPaths = (
			);
			runOnlyForDeploymentPostprocessing = 0;
			shellPath = /bin/sh;
			shellScript = "\"${SRCROOT}/Pods/Target Support Files/Pods-pickupTests/Pods-pickupTests-frameworks.sh\"\n";
			showEnvVarsInLog = 0;
		};
		C39CFB9096E9A90CA88B0C95 /* [CP] Copy Pods Resources */ = {
			isa = PBXShellScriptBuildPhase;
			buildActionMask = 2147483647;
			files = (
			);
			inputPaths = (
			);
			name = "[CP] Copy Pods Resources";
			outputPaths = (
			);
			runOnlyForDeploymentPostprocessing = 0;
			shellPath = /bin/sh;
			shellScript = "\"${SRCROOT}/Pods/Target Support Files/Pods-pickupUITests/Pods-pickupUITests-resources.sh\"\n";
			showEnvVarsInLog = 0;
		};
		E62D9F8655AE132E6336E927 /* [CP] Check Pods Manifest.lock */ = {
			isa = PBXShellScriptBuildPhase;
			buildActionMask = 2147483647;
			files = (
			);
			inputPaths = (
			);
			name = "[CP] Check Pods Manifest.lock";
			outputPaths = (
			);
			runOnlyForDeploymentPostprocessing = 0;
			shellPath = /bin/sh;
			shellScript = "diff \"${PODS_PODFILE_DIR_PATH}/Podfile.lock\" \"${PODS_ROOT}/Manifest.lock\" > /dev/null\nif [ $? != 0 ] ; then\n    # print error to STDERR\n    echo \"error: The sandbox is not in sync with the Podfile.lock. Run 'pod install' or update your CocoaPods installation.\" >&2\n    exit 1\nfi\n";
			showEnvVarsInLog = 0;
		};
		E9F5E1FC16475C9314053793 /* [CP] Embed Pods Frameworks */ = {
			isa = PBXShellScriptBuildPhase;
			buildActionMask = 2147483647;
			files = (
			);
			inputPaths = (
			);
			name = "[CP] Embed Pods Frameworks";
			outputPaths = (
			);
			runOnlyForDeploymentPostprocessing = 0;
			shellPath = /bin/sh;
			shellScript = "\"${SRCROOT}/Pods/Target Support Files/Pods-pickup/Pods-pickup-frameworks.sh\"\n";
			showEnvVarsInLog = 0;
		};
		EE6E1C239A095EB08053CF4A /* [CP] Embed Pods Frameworks */ = {
			isa = PBXShellScriptBuildPhase;
			buildActionMask = 2147483647;
			files = (
			);
			inputPaths = (
			);
			name = "[CP] Embed Pods Frameworks";
			outputPaths = (
			);
			runOnlyForDeploymentPostprocessing = 0;
			shellPath = /bin/sh;
			shellScript = "\"${SRCROOT}/Pods/Target Support Files/Pods-pickupUITests/Pods-pickupUITests-frameworks.sh\"\n";
			showEnvVarsInLog = 0;
		};
/* End PBXShellScriptBuildPhase section */

/* Begin PBXSourcesBuildPhase section */
		CC8666AC1EDF280E00CBB922 /* Sources */ = {
			isa = PBXSourcesBuildPhase;
			buildActionMask = 2147483647;
			files = (
				376B5F2B1EF3BEFF00EA3F54 /* AvailabilityViewController.swift in Sources */,
				376B5F291EF3BD0600EA3F54 /* FriendsListViewController.swift in Sources */,
				37AEBCE31EF178A9008D425F /* HostEventController.swift in Sources */,
				CC8666B41EDF280F00CBB922 /* AppDelegate.swift in Sources */,
				378501651EF034E4003E4C44 /* ProfileViewController.swift in Sources */,
				378501671EF03747003E4C44 /* FriendsViewController.swift in Sources */,
				37AEBCE11EF17845008D425F /* EventDetailsController.swift in Sources */,
				37D866B91EF386F9009A6AEE /* InviteViewController.swift in Sources */,
				378779D51EEEB46D007F0DC4 /* EventViewController.swift in Sources */,
			);
			runOnlyForDeploymentPostprocessing = 0;
		};
		CC8666C01EDF280F00CBB922 /* Sources */ = {
			isa = PBXSourcesBuildPhase;
			buildActionMask = 2147483647;
			files = (
				CC8666C91EDF280F00CBB922 /* pickupTests.swift in Sources */,
			);
			runOnlyForDeploymentPostprocessing = 0;
		};
		CC8666CB1EDF280F00CBB922 /* Sources */ = {
			isa = PBXSourcesBuildPhase;
			buildActionMask = 2147483647;
			files = (
				CC8666D41EDF280F00CBB922 /* pickupUITests.swift in Sources */,
			);
			runOnlyForDeploymentPostprocessing = 0;
		};
/* End PBXSourcesBuildPhase section */

/* Begin PBXTargetDependency section */
		CC8666C61EDF280F00CBB922 /* PBXTargetDependency */ = {
			isa = PBXTargetDependency;
			target = CC8666AF1EDF280E00CBB922 /* pickup */;
			targetProxy = CC8666C51EDF280F00CBB922 /* PBXContainerItemProxy */;
		};
		CC8666D11EDF280F00CBB922 /* PBXTargetDependency */ = {
			isa = PBXTargetDependency;
			target = CC8666AF1EDF280E00CBB922 /* pickup */;
			targetProxy = CC8666D01EDF280F00CBB922 /* PBXContainerItemProxy */;
		};
/* End PBXTargetDependency section */

/* Begin PBXVariantGroup section */
		CC8666B71EDF280F00CBB922 /* Main.storyboard */ = {
			isa = PBXVariantGroup;
			children = (
				CC8666B81EDF280F00CBB922 /* Base */,
			);
			name = Main.storyboard;
			sourceTree = "<group>";
		};
		CC8666BC1EDF280F00CBB922 /* LaunchScreen.storyboard */ = {
			isa = PBXVariantGroup;
			children = (
				CC8666BD1EDF280F00CBB922 /* Base */,
			);
			name = LaunchScreen.storyboard;
			sourceTree = "<group>";
		};
/* End PBXVariantGroup section */

/* Begin XCBuildConfiguration section */
		CC8666D61EDF280F00CBB922 /* Debug */ = {
			isa = XCBuildConfiguration;
			buildSettings = {
				ALWAYS_SEARCH_USER_PATHS = NO;
				CLANG_ANALYZER_NONNULL = YES;
				CLANG_CXX_LANGUAGE_STANDARD = "gnu++0x";
				CLANG_CXX_LIBRARY = "libc++";
				CLANG_ENABLE_MODULES = YES;
				CLANG_ENABLE_OBJC_ARC = YES;
				CLANG_WARN_BOOL_CONVERSION = YES;
				CLANG_WARN_CONSTANT_CONVERSION = YES;
				CLANG_WARN_DIRECT_OBJC_ISA_USAGE = YES_ERROR;
				CLANG_WARN_DOCUMENTATION_COMMENTS = YES;
				CLANG_WARN_EMPTY_BODY = YES;
				CLANG_WARN_ENUM_CONVERSION = YES;
				CLANG_WARN_INFINITE_RECURSION = YES;
				CLANG_WARN_INT_CONVERSION = YES;
				CLANG_WARN_OBJC_ROOT_CLASS = YES_ERROR;
				CLANG_WARN_SUSPICIOUS_MOVES = YES;
				CLANG_WARN_UNREACHABLE_CODE = YES;
				CLANG_WARN__DUPLICATE_METHOD_MATCH = YES;
				"CODE_SIGN_IDENTITY[sdk=iphoneos*]" = "iPhone Developer";
				COPY_PHASE_STRIP = NO;
				DEBUG_INFORMATION_FORMAT = dwarf;
				ENABLE_STRICT_OBJC_MSGSEND = YES;
				ENABLE_TESTABILITY = YES;
				GCC_C_LANGUAGE_STANDARD = gnu99;
				GCC_DYNAMIC_NO_PIC = NO;
				GCC_NO_COMMON_BLOCKS = YES;
				GCC_OPTIMIZATION_LEVEL = 0;
				GCC_PREPROCESSOR_DEFINITIONS = (
					"DEBUG=1",
					"$(inherited)",
				);
				GCC_WARN_64_TO_32_BIT_CONVERSION = YES;
				GCC_WARN_ABOUT_RETURN_TYPE = YES_ERROR;
				GCC_WARN_UNDECLARED_SELECTOR = YES;
				GCC_WARN_UNINITIALIZED_AUTOS = YES_AGGRESSIVE;
				GCC_WARN_UNUSED_FUNCTION = YES;
				GCC_WARN_UNUSED_VARIABLE = YES;
				IPHONEOS_DEPLOYMENT_TARGET = 10.1;
				MTL_ENABLE_DEBUG_INFO = YES;
				ONLY_ACTIVE_ARCH = YES;
				SDKROOT = iphoneos;
				SWIFT_ACTIVE_COMPILATION_CONDITIONS = DEBUG;
				SWIFT_OPTIMIZATION_LEVEL = "-Onone";
				TARGETED_DEVICE_FAMILY = "1,2";
			};
			name = Debug;
		};
		CC8666D71EDF280F00CBB922 /* Release */ = {
			isa = XCBuildConfiguration;
			buildSettings = {
				ALWAYS_SEARCH_USER_PATHS = NO;
				CLANG_ANALYZER_NONNULL = YES;
				CLANG_CXX_LANGUAGE_STANDARD = "gnu++0x";
				CLANG_CXX_LIBRARY = "libc++";
				CLANG_ENABLE_MODULES = YES;
				CLANG_ENABLE_OBJC_ARC = YES;
				CLANG_WARN_BOOL_CONVERSION = YES;
				CLANG_WARN_CONSTANT_CONVERSION = YES;
				CLANG_WARN_DIRECT_OBJC_ISA_USAGE = YES_ERROR;
				CLANG_WARN_DOCUMENTATION_COMMENTS = YES;
				CLANG_WARN_EMPTY_BODY = YES;
				CLANG_WARN_ENUM_CONVERSION = YES;
				CLANG_WARN_INFINITE_RECURSION = YES;
				CLANG_WARN_INT_CONVERSION = YES;
				CLANG_WARN_OBJC_ROOT_CLASS = YES_ERROR;
				CLANG_WARN_SUSPICIOUS_MOVES = YES;
				CLANG_WARN_UNREACHABLE_CODE = YES;
				CLANG_WARN__DUPLICATE_METHOD_MATCH = YES;
				"CODE_SIGN_IDENTITY[sdk=iphoneos*]" = "iPhone Developer";
				COPY_PHASE_STRIP = NO;
				DEBUG_INFORMATION_FORMAT = "dwarf-with-dsym";
				ENABLE_NS_ASSERTIONS = NO;
				ENABLE_STRICT_OBJC_MSGSEND = YES;
				GCC_C_LANGUAGE_STANDARD = gnu99;
				GCC_NO_COMMON_BLOCKS = YES;
				GCC_WARN_64_TO_32_BIT_CONVERSION = YES;
				GCC_WARN_ABOUT_RETURN_TYPE = YES_ERROR;
				GCC_WARN_UNDECLARED_SELECTOR = YES;
				GCC_WARN_UNINITIALIZED_AUTOS = YES_AGGRESSIVE;
				GCC_WARN_UNUSED_FUNCTION = YES;
				GCC_WARN_UNUSED_VARIABLE = YES;
				IPHONEOS_DEPLOYMENT_TARGET = 10.1;
				MTL_ENABLE_DEBUG_INFO = NO;
				SDKROOT = iphoneos;
				SWIFT_OPTIMIZATION_LEVEL = "-Owholemodule";
				TARGETED_DEVICE_FAMILY = "1,2";
				VALIDATE_PRODUCT = YES;
			};
			name = Release;
		};
		CC8666D91EDF280F00CBB922 /* Debug */ = {
			isa = XCBuildConfiguration;
			baseConfigurationReference = 959594FA4CB1E958854CC5C8 /* Pods-pickup.debug.xcconfig */;
			buildSettings = {
				ASSETCATALOG_COMPILER_APPICON_NAME = AppIcon;
				CLANG_ENABLE_MODULES = YES;
				INFOPLIST_FILE = pickup/Info.plist;
				LD_RUNPATH_SEARCH_PATHS = "$(inherited) @executable_path/Frameworks";
				PRODUCT_BUNDLE_IDENTIFIER = com.cs446.pickup;
				PRODUCT_NAME = "$(TARGET_NAME)";
				SWIFT_OBJC_BRIDGING_HEADER = "pickup/pickup-Bridging-Header.h";
				SWIFT_OPTIMIZATION_LEVEL = "-Onone";
				SWIFT_VERSION = 3.0;
			};
			name = Debug;
		};
		CC8666DA1EDF280F00CBB922 /* Release */ = {
			isa = XCBuildConfiguration;
			baseConfigurationReference = 2702AA47A89EBF664DA2A49C /* Pods-pickup.release.xcconfig */;
			buildSettings = {
				ASSETCATALOG_COMPILER_APPICON_NAME = AppIcon;
				CLANG_ENABLE_MODULES = YES;
				INFOPLIST_FILE = pickup/Info.plist;
				LD_RUNPATH_SEARCH_PATHS = "$(inherited) @executable_path/Frameworks";
				PRODUCT_BUNDLE_IDENTIFIER = com.cs446.pickup;
				PRODUCT_NAME = "$(TARGET_NAME)";
				SWIFT_OBJC_BRIDGING_HEADER = "pickup/pickup-Bridging-Header.h";
				SWIFT_VERSION = 3.0;
			};
			name = Release;
		};
		CC8666DC1EDF280F00CBB922 /* Debug */ = {
			isa = XCBuildConfiguration;
			baseConfigurationReference = E885845A0ADCFB5F76AF55FF /* Pods-pickupTests.debug.xcconfig */;
			buildSettings = {
				ALWAYS_EMBED_SWIFT_STANDARD_LIBRARIES = YES;
				BUNDLE_LOADER = "$(TEST_HOST)";
				INFOPLIST_FILE = pickupTests/Info.plist;
				LD_RUNPATH_SEARCH_PATHS = "$(inherited) @executable_path/Frameworks @loader_path/Frameworks";
				PRODUCT_BUNDLE_IDENTIFIER = com.cs446.pickupTests;
				PRODUCT_NAME = "$(TARGET_NAME)";
				SWIFT_VERSION = 3.0;
				TEST_HOST = "$(BUILT_PRODUCTS_DIR)/pickup.app/pickup";
			};
			name = Debug;
		};
		CC8666DD1EDF280F00CBB922 /* Release */ = {
			isa = XCBuildConfiguration;
			baseConfigurationReference = 44523158AAFBC606DD91FB2E /* Pods-pickupTests.release.xcconfig */;
			buildSettings = {
				ALWAYS_EMBED_SWIFT_STANDARD_LIBRARIES = YES;
				BUNDLE_LOADER = "$(TEST_HOST)";
				INFOPLIST_FILE = pickupTests/Info.plist;
				LD_RUNPATH_SEARCH_PATHS = "$(inherited) @executable_path/Frameworks @loader_path/Frameworks";
				PRODUCT_BUNDLE_IDENTIFIER = com.cs446.pickupTests;
				PRODUCT_NAME = "$(TARGET_NAME)";
				SWIFT_VERSION = 3.0;
				TEST_HOST = "$(BUILT_PRODUCTS_DIR)/pickup.app/pickup";
			};
			name = Release;
		};
		CC8666DF1EDF280F00CBB922 /* Debug */ = {
			isa = XCBuildConfiguration;
			baseConfigurationReference = 8D3EE11DB379BBE30D437334 /* Pods-pickupUITests.debug.xcconfig */;
			buildSettings = {
				ALWAYS_EMBED_SWIFT_STANDARD_LIBRARIES = YES;
				INFOPLIST_FILE = pickupUITests/Info.plist;
				LD_RUNPATH_SEARCH_PATHS = "$(inherited) @executable_path/Frameworks @loader_path/Frameworks";
				PRODUCT_BUNDLE_IDENTIFIER = com.cs446.pickupUITests;
				PRODUCT_NAME = "$(TARGET_NAME)";
				SWIFT_VERSION = 3.0;
				TEST_TARGET_NAME = pickup;
			};
			name = Debug;
		};
		CC8666E01EDF280F00CBB922 /* Release */ = {
			isa = XCBuildConfiguration;
			baseConfigurationReference = 8FF5A0A288C0EE6447576DE2 /* Pods-pickupUITests.release.xcconfig */;
			buildSettings = {
				ALWAYS_EMBED_SWIFT_STANDARD_LIBRARIES = YES;
				INFOPLIST_FILE = pickupUITests/Info.plist;
				LD_RUNPATH_SEARCH_PATHS = "$(inherited) @executable_path/Frameworks @loader_path/Frameworks";
				PRODUCT_BUNDLE_IDENTIFIER = com.cs446.pickupUITests;
				PRODUCT_NAME = "$(TARGET_NAME)";
				SWIFT_VERSION = 3.0;
				TEST_TARGET_NAME = pickup;
			};
			name = Release;
		};
/* End XCBuildConfiguration section */

/* Begin XCConfigurationList section */
		CC8666AB1EDF280E00CBB922 /* Build configuration list for PBXProject "pickup" */ = {
			isa = XCConfigurationList;
			buildConfigurations = (
				CC8666D61EDF280F00CBB922 /* Debug */,
				CC8666D71EDF280F00CBB922 /* Release */,
			);
			defaultConfigurationIsVisible = 0;
			defaultConfigurationName = Release;
		};
		CC8666D81EDF280F00CBB922 /* Build configuration list for PBXNativeTarget "pickup" */ = {
			isa = XCConfigurationList;
			buildConfigurations = (
				CC8666D91EDF280F00CBB922 /* Debug */,
				CC8666DA1EDF280F00CBB922 /* Release */,
			);
			defaultConfigurationIsVisible = 0;
			defaultConfigurationName = Release;
		};
		CC8666DB1EDF280F00CBB922 /* Build configuration list for PBXNativeTarget "pickupTests" */ = {
			isa = XCConfigurationList;
			buildConfigurations = (
				CC8666DC1EDF280F00CBB922 /* Debug */,
				CC8666DD1EDF280F00CBB922 /* Release */,
			);
			defaultConfigurationIsVisible = 0;
			defaultConfigurationName = Release;
		};
		CC8666DE1EDF280F00CBB922 /* Build configuration list for PBXNativeTarget "pickupUITests" */ = {
			isa = XCConfigurationList;
			buildConfigurations = (
				CC8666DF1EDF280F00CBB922 /* Debug */,
				CC8666E01EDF280F00CBB922 /* Release */,
			);
			defaultConfigurationIsVisible = 0;
			defaultConfigurationName = Release;
		};
/* End XCConfigurationList section */
	};
	rootObject = CC8666A81EDF280E00CBB922 /* Project object */;
}
