// !$*UTF8*$!
{
	archiveVersion = 1;
	classes = {
	};
	objectVersion = 46;
	objects = {

/* Begin PBXBuildFile section */
		371596F51F198CD4003B4CEF /* EditAvailabilityViewController.swift in Sources */ = {isa = PBXBuildFile; fileRef = 371596F41F198CD4003B4CEF /* EditAvailabilityViewController.swift */; };
		371596F71F198CFE003B4CEF /* JTCalCellView.swift in Sources */ = {isa = PBXBuildFile; fileRef = 371596F61F198CFE003B4CEF /* JTCalCellView.swift */; };
		371596F91F198D15003B4CEF /* JTCalCellView.xib in Resources */ = {isa = PBXBuildFile; fileRef = 371596F81F198D15003B4CEF /* JTCalCellView.xib */; };
		376B5F291EF3BD0600EA3F54 /* FriendsListViewController.swift in Sources */ = {isa = PBXBuildFile; fileRef = 376B5F281EF3BD0600EA3F54 /* FriendsListViewController.swift */; };
		378501671EF03747003E4C44 /* FriendsViewController.swift in Sources */ = {isa = PBXBuildFile; fileRef = 378501661EF03747003E4C44 /* FriendsViewController.swift */; };
		378779D51EEEB46D007F0DC4 /* EventViewController.swift in Sources */ = {isa = PBXBuildFile; fileRef = 378779D41EEEB46D007F0DC4 /* EventViewController.swift */; };
		37AEBCE11EF17845008D425F /* EventDetailsController.swift in Sources */ = {isa = PBXBuildFile; fileRef = 37AEBCE01EF17845008D425F /* EventDetailsController.swift */; };
		37AEBCE31EF178A9008D425F /* HostEventController.swift in Sources */ = {isa = PBXBuildFile; fileRef = 37AEBCE21EF178A9008D425F /* HostEventController.swift */; };
		37D866B91EF386F9009A6AEE /* InviteViewController.swift in Sources */ = {isa = PBXBuildFile; fileRef = 37D866B81EF386F9009A6AEE /* InviteViewController.swift */; };
		51592F5D1EFA30900032F606 /* PlayersViewController.swift in Sources */ = {isa = PBXBuildFile; fileRef = 51592F5C1EFA30900032F606 /* PlayersViewController.swift */; };
		51A2C5571F02E8C900ACE711 /* FacilitiesViewController.swift in Sources */ = {isa = PBXBuildFile; fileRef = 51A2C5561F02E8C900ACE711 /* FacilitiesViewController.swift */; };
		6FCC5ECEEAD9D075BA3D3FC8 /* Pods_pickup.framework in Frameworks */ = {isa = PBXBuildFile; fileRef = 2529698C5CA8157212E64330 /* Pods_pickup.framework */; };
		8E9B7B5B8924A878F7173CE0 /* Pods_pickup.framework in Frameworks */ = {isa = PBXBuildFile; fileRef = 47AA490943FD8CA6E5AB2819 /* Pods_pickup.framework */; };
		9C2B9AF175EE574EC39BE37A /* Pods_pickupTests.framework in Frameworks */ = {isa = PBXBuildFile; fileRef = E2E5D967DD7837C20E0BBE0D /* Pods_pickupTests.framework */; };
		A23B7A62A78AB1CD17FBA51A /* Pods_pickupUITests.framework in Frameworks */ = {isa = PBXBuildFile; fileRef = A14C22101FBF3D9EAF4A2A62 /* Pods_pickupUITests.framework */; };
		AC641BACD0A4F0A7982804E6 /* Pods_pickupTests.framework in Frameworks */ = {isa = PBXBuildFile; fileRef = 780DECD41DC5A7FFDC0BD9C8 /* Pods_pickupTests.framework */; };
		B85891D1293606CBDD898045 /* Pods_pickupUITests.framework in Frameworks */ = {isa = PBXBuildFile; fileRef = 8CC4B237FB854C3819F76700 /* Pods_pickupUITests.framework */; };
		C08325C82E01B5A6418183ED /* Pods_pickup.framework in Frameworks */ = {isa = PBXBuildFile; fileRef = 422796C3AEE507956CC6F5D1 /* Pods_pickup.framework */; };
		C3AECF2DFA8E1395DECD02FC /* Pods_pickupTests.framework in Frameworks */ = {isa = PBXBuildFile; fileRef = C8B8F2D19A96080F5C319965 /* Pods_pickupTests.framework */; };
		CC44D2E91F185D8C00B0ABF9 /* RegsiterAccountViewController.swift in Sources */ = {isa = PBXBuildFile; fileRef = CC44D2E81F185D8C00B0ABF9 /* RegsiterAccountViewController.swift */; };
		CC44D2EB1F1914F300B0ABF9 /* Login.storyboard in Resources */ = {isa = PBXBuildFile; fileRef = CC44D2EA1F1914F300B0ABF9 /* Login.storyboard */; };
		CC8666B41EDF280F00CBB922 /* AppDelegate.swift in Sources */ = {isa = PBXBuildFile; fileRef = CC8666B31EDF280F00CBB922 /* AppDelegate.swift */; };
		CC8666B91EDF280F00CBB922 /* Main.storyboard in Resources */ = {isa = PBXBuildFile; fileRef = CC8666B71EDF280F00CBB922 /* Main.storyboard */; };
		CC8666BB1EDF280F00CBB922 /* Assets.xcassets in Resources */ = {isa = PBXBuildFile; fileRef = CC8666BA1EDF280F00CBB922 /* Assets.xcassets */; };
		CC8666BE1EDF280F00CBB922 /* LaunchScreen.storyboard in Resources */ = {isa = PBXBuildFile; fileRef = CC8666BC1EDF280F00CBB922 /* LaunchScreen.storyboard */; };
		CC8666D41EDF280F00CBB922 /* pickupUITests.swift in Sources */ = {isa = PBXBuildFile; fileRef = CC8666D31EDF280F00CBB922 /* pickupUITests.swift */; };
		CC8666E21EDF2C4F00CBB922 /* GoogleService-Info.plist in Resources */ = {isa = PBXBuildFile; fileRef = CC8666E11EDF2C4F00CBB922 /* GoogleService-Info.plist */; };
		D039A1261F17CA1B002A4383 /* LoginViewController.swift in Sources */ = {isa = PBXBuildFile; fileRef = D039A1251F17CA1B002A4383 /* LoginViewController.swift */; };
		D0E3C8FD1EFAADB3008878F0 /* ProfileViewController.swift in Sources */ = {isa = PBXBuildFile; fileRef = D0E3C8FC1EFAADB3008878F0 /* ProfileViewController.swift */; };
		D0E3C8FF1EFAAF18008878F0 /* EditProfileViewController.swift in Sources */ = {isa = PBXBuildFile; fileRef = D0E3C8FE1EFAAF18008878F0 /* EditProfileViewController.swift */; };
		D47F2E63F27E2AEA0AA6BD6A /* Pods_pickup.framework in Frameworks */ = {isa = PBXBuildFile; fileRef = 2529698C5CA8157212E64330 /* Pods_pickup.framework */; };
		FD45A90BBE5936AB4BCEF94D /* Pods_pickupUITests.framework in Frameworks */ = {isa = PBXBuildFile; fileRef = 13F3EE7C1EA7EFF62BF370A3 /* Pods_pickupUITests.framework */; };
/* End PBXBuildFile section */

/* Begin PBXContainerItemProxy section */
		CC8666C51EDF280F00CBB922 /* PBXContainerItemProxy */ = {
			isa = PBXContainerItemProxy;
			containerPortal = CC8666A81EDF280E00CBB922 /* Project object */;
			proxyType = 1;
			remoteGlobalIDString = CC8666AF1EDF280E00CBB922;
			remoteInfo = pickup;
		};
		CC8666D01EDF280F00CBB922 /* PBXContainerItemProxy */ = {
			isa = PBXContainerItemProxy;
			containerPortal = CC8666A81EDF280E00CBB922 /* Project object */;
			proxyType = 1;
			remoteGlobalIDString = CC8666AF1EDF280E00CBB922;
			remoteInfo = pickup;
		};
/* End PBXContainerItemProxy section */

/* Begin PBXFileReference section */
		13F3EE7C1EA7EFF62BF370A3 /* Pods_pickupUITests.framework */ = {isa = PBXFileReference; explicitFileType = wrapper.framework; includeInIndex = 0; path = Pods_pickupUITests.framework; sourceTree = BUILT_PRODUCTS_DIR; };
		1D9FBDC8B9B12FDC270FEA10 /* Pods-pickupUITests.release.xcconfig */ = {isa = PBXFileReference; includeInIndex = 1; lastKnownFileType = text.xcconfig; name = "Pods-pickupUITests.release.xcconfig"; path = "Pods/Target Support Files/Pods-pickupUITests/Pods-pickupUITests.release.xcconfig"; sourceTree = "<group>"; };
		1F8E095235126920D2E4E4E5 /* Pods-pickupUITests.debug.xcconfig */ = {isa = PBXFileReference; includeInIndex = 1; lastKnownFileType = text.xcconfig; name = "Pods-pickupUITests.debug.xcconfig"; path = "Pods/Target Support Files/Pods-pickupUITests/Pods-pickupUITests.debug.xcconfig"; sourceTree = "<group>"; };
		24D78A0A24933E39EBB065F6 /* Pods-pickupTests.debug.xcconfig */ = {isa = PBXFileReference; includeInIndex = 1; lastKnownFileType = text.xcconfig; name = "Pods-pickupTests.debug.xcconfig"; path = "Pods/Target Support Files/Pods-pickupTests/Pods-pickupTests.debug.xcconfig"; sourceTree = "<group>"; };
		2529698C5CA8157212E64330 /* Pods_pickup.framework */ = {isa = PBXFileReference; explicitFileType = wrapper.framework; includeInIndex = 0; path = Pods_pickup.framework; sourceTree = BUILT_PRODUCTS_DIR; };
		2702AA47A89EBF664DA2A49C /* Pods-pickup.release.xcconfig */ = {isa = PBXFileReference; includeInIndex = 1; lastKnownFileType = text.xcconfig; name = "Pods-pickup.release.xcconfig"; path = "Pods/Target Support Files/Pods-pickup/Pods-pickup.release.xcconfig"; sourceTree = "<group>"; };
		360F0FF0569F6DE6199DA785 /* Pods-pickup.release.xcconfig */ = {isa = PBXFileReference; includeInIndex = 1; lastKnownFileType = text.xcconfig; name = "Pods-pickup.release.xcconfig"; path = "Pods/Target Support Files/Pods-pickup/Pods-pickup.release.xcconfig"; sourceTree = "<group>"; };
		371596F41F198CD4003B4CEF /* EditAvailabilityViewController.swift */ = {isa = PBXFileReference; fileEncoding = 4; lastKnownFileType = sourcecode.swift; path = EditAvailabilityViewController.swift; sourceTree = "<group>"; };
		371596F61F198CFE003B4CEF /* JTCalCellView.swift */ = {isa = PBXFileReference; fileEncoding = 4; lastKnownFileType = sourcecode.swift; path = JTCalCellView.swift; sourceTree = "<group>"; };
		371596F81F198D15003B4CEF /* JTCalCellView.xib */ = {isa = PBXFileReference; fileEncoding = 4; lastKnownFileType = file.xib; path = JTCalCellView.xib; sourceTree = "<group>"; };
		376B5F281EF3BD0600EA3F54 /* FriendsListViewController.swift */ = {isa = PBXFileReference; fileEncoding = 4; lastKnownFileType = sourcecode.swift; path = FriendsListViewController.swift; sourceTree = "<group>"; };
		378501661EF03747003E4C44 /* FriendsViewController.swift */ = {isa = PBXFileReference; fileEncoding = 4; lastKnownFileType = sourcecode.swift; path = FriendsViewController.swift; sourceTree = "<group>"; };
		378779D41EEEB46D007F0DC4 /* EventViewController.swift */ = {isa = PBXFileReference; fileEncoding = 4; lastKnownFileType = sourcecode.swift; path = EventViewController.swift; sourceTree = "<group>"; };
		37AEBCE01EF17845008D425F /* EventDetailsController.swift */ = {isa = PBXFileReference; fileEncoding = 4; lastKnownFileType = sourcecode.swift; path = EventDetailsController.swift; sourceTree = "<group>"; };
		37AEBCE21EF178A9008D425F /* HostEventController.swift */ = {isa = PBXFileReference; fileEncoding = 4; lastKnownFileType = sourcecode.swift; path = HostEventController.swift; sourceTree = "<group>"; };
		37D866B81EF386F9009A6AEE /* InviteViewController.swift */ = {isa = PBXFileReference; fileEncoding = 4; lastKnownFileType = sourcecode.swift; path = InviteViewController.swift; sourceTree = "<group>"; };
		422796C3AEE507956CC6F5D1 /* Pods_pickup.framework */ = {isa = PBXFileReference; explicitFileType = wrapper.framework; includeInIndex = 0; path = Pods_pickup.framework; sourceTree = BUILT_PRODUCTS_DIR; };
		44523158AAFBC606DD91FB2E /* Pods-pickupTests.release.xcconfig */ = {isa = PBXFileReference; includeInIndex = 1; lastKnownFileType = text.xcconfig; name = "Pods-pickupTests.release.xcconfig"; path = "Pods/Target Support Files/Pods-pickupTests/Pods-pickupTests.release.xcconfig"; sourceTree = "<group>"; };
		47AA490943FD8CA6E5AB2819 /* Pods_pickup.framework */ = {isa = PBXFileReference; explicitFileType = wrapper.framework; includeInIndex = 0; path = Pods_pickup.framework; sourceTree = BUILT_PRODUCTS_DIR; };
		51592F5C1EFA30900032F606 /* PlayersViewController.swift */ = {isa = PBXFileReference; fileEncoding = 4; lastKnownFileType = sourcecode.swift; path = PlayersViewController.swift; sourceTree = "<group>"; };
		51A2C5561F02E8C900ACE711 /* FacilitiesViewController.swift */ = {isa = PBXFileReference; fileEncoding = 4; lastKnownFileType = sourcecode.swift; path = FacilitiesViewController.swift; sourceTree = "<group>"; };
		580D6FE4816A1334BA0D7D73 /* Pods-pickup.debug.xcconfig */ = {isa = PBXFileReference; includeInIndex = 1; lastKnownFileType = text.xcconfig; name = "Pods-pickup.debug.xcconfig"; path = "Pods/Target Support Files/Pods-pickup/Pods-pickup.debug.xcconfig"; sourceTree = "<group>"; };
		780DECD41DC5A7FFDC0BD9C8 /* Pods_pickupTests.framework */ = {isa = PBXFileReference; explicitFileType = wrapper.framework; includeInIndex = 0; path = Pods_pickupTests.framework; sourceTree = BUILT_PRODUCTS_DIR; };
		8CC4B237FB854C3819F76700 /* Pods_pickupUITests.framework */ = {isa = PBXFileReference; explicitFileType = wrapper.framework; includeInIndex = 0; path = Pods_pickupUITests.framework; sourceTree = BUILT_PRODUCTS_DIR; };
		8D3EE11DB379BBE30D437334 /* Pods-pickupUITests.debug.xcconfig */ = {isa = PBXFileReference; includeInIndex = 1; lastKnownFileType = text.xcconfig; name = "Pods-pickupUITests.debug.xcconfig"; path = "Pods/Target Support Files/Pods-pickupUITests/Pods-pickupUITests.debug.xcconfig"; sourceTree = "<group>"; };
		8FF5A0A288C0EE6447576DE2 /* Pods-pickupUITests.release.xcconfig */ = {isa = PBXFileReference; includeInIndex = 1; lastKnownFileType = text.xcconfig; name = "Pods-pickupUITests.release.xcconfig"; path = "Pods/Target Support Files/Pods-pickupUITests/Pods-pickupUITests.release.xcconfig"; sourceTree = "<group>"; };
		959594FA4CB1E958854CC5C8 /* Pods-pickup.debug.xcconfig */ = {isa = PBXFileReference; includeInIndex = 1; lastKnownFileType = text.xcconfig; name = "Pods-pickup.debug.xcconfig"; path = "Pods/Target Support Files/Pods-pickup/Pods-pickup.debug.xcconfig"; sourceTree = "<group>"; };
		A14C22101FBF3D9EAF4A2A62 /* Pods_pickupUITests.framework */ = {isa = PBXFileReference; explicitFileType = wrapper.framework; includeInIndex = 0; path = Pods_pickupUITests.framework; sourceTree = BUILT_PRODUCTS_DIR; };
		C8B8F2D19A96080F5C319965 /* Pods_pickupTests.framework */ = {isa = PBXFileReference; explicitFileType = wrapper.framework; includeInIndex = 0; path = Pods_pickupTests.framework; sourceTree = BUILT_PRODUCTS_DIR; };
		CC1D18D41EF87001009A0774 /* pickup.entitlements */ = {isa = PBXFileReference; lastKnownFileType = text.plist.entitlements; path = pickup.entitlements; sourceTree = "<group>"; };
		CC44D2E81F185D8C00B0ABF9 /* RegsiterAccountViewController.swift */ = {isa = PBXFileReference; fileEncoding = 4; lastKnownFileType = sourcecode.swift; path = RegsiterAccountViewController.swift; sourceTree = "<group>"; };
		CC44D2EA1F1914F300B0ABF9 /* Login.storyboard */ = {isa = PBXFileReference; fileEncoding = 4; lastKnownFileType = file.storyboard; path = Login.storyboard; sourceTree = "<group>"; };
		CC8666B01EDF280F00CBB922 /* pickup.app */ = {isa = PBXFileReference; explicitFileType = wrapper.application; includeInIndex = 0; path = pickup.app; sourceTree = BUILT_PRODUCTS_DIR; };
		CC8666B31EDF280F00CBB922 /* AppDelegate.swift */ = {isa = PBXFileReference; lastKnownFileType = sourcecode.swift; path = AppDelegate.swift; sourceTree = "<group>"; };
		CC8666B51EDF280F00CBB922 /* ViewController.swift */ = {isa = PBXFileReference; lastKnownFileType = sourcecode.swift; path = ViewController.swift; sourceTree = "<group>"; };
		CC8666B81EDF280F00CBB922 /* Base */ = {isa = PBXFileReference; lastKnownFileType = file.storyboard; name = Base; path = Base.lproj/Main.storyboard; sourceTree = "<group>"; };
		CC8666BA1EDF280F00CBB922 /* Assets.xcassets */ = {isa = PBXFileReference; lastKnownFileType = folder.assetcatalog; path = Assets.xcassets; sourceTree = "<group>"; };
		CC8666BD1EDF280F00CBB922 /* Base */ = {isa = PBXFileReference; lastKnownFileType = file.storyboard; name = Base; path = Base.lproj/LaunchScreen.storyboard; sourceTree = "<group>"; };
		CC8666BF1EDF280F00CBB922 /* Info.plist */ = {isa = PBXFileReference; lastKnownFileType = text.plist.xml; path = Info.plist; sourceTree = "<group>"; };
		CC8666C41EDF280F00CBB922 /* pickupTests.xctest */ = {isa = PBXFileReference; explicitFileType = wrapper.cfbundle; includeInIndex = 0; path = pickupTests.xctest; sourceTree = BUILT_PRODUCTS_DIR; };
		CC8666C81EDF280F00CBB922 /* pickupTests.swift */ = {isa = PBXFileReference; lastKnownFileType = sourcecode.swift; path = pickupTests.swift; sourceTree = "<group>"; };
		CC8666CA1EDF280F00CBB922 /* Info.plist */ = {isa = PBXFileReference; lastKnownFileType = text.plist.xml; path = Info.plist; sourceTree = "<group>"; };
		CC8666CF1EDF280F00CBB922 /* pickupUITests.xctest */ = {isa = PBXFileReference; explicitFileType = wrapper.cfbundle; includeInIndex = 0; path = pickupUITests.xctest; sourceTree = BUILT_PRODUCTS_DIR; };
		CC8666D31EDF280F00CBB922 /* pickupUITests.swift */ = {isa = PBXFileReference; lastKnownFileType = sourcecode.swift; path = pickupUITests.swift; sourceTree = "<group>"; };
		CC8666D51EDF280F00CBB922 /* Info.plist */ = {isa = PBXFileReference; lastKnownFileType = text.plist.xml; path = Info.plist; sourceTree = "<group>"; };
		CC8666E11EDF2C4F00CBB922 /* GoogleService-Info.plist */ = {isa = PBXFileReference; fileEncoding = 4; lastKnownFileType = text.plist.xml; path = "GoogleService-Info.plist"; sourceTree = "<group>"; };
		D039A1251F17CA1B002A4383 /* LoginViewController.swift */ = {isa = PBXFileReference; fileEncoding = 4; lastKnownFileType = sourcecode.swift; path = LoginViewController.swift; sourceTree = "<group>"; };
		D0E3C8FC1EFAADB3008878F0 /* ProfileViewController.swift */ = {isa = PBXFileReference; fileEncoding = 4; lastKnownFileType = sourcecode.swift; path = ProfileViewController.swift; sourceTree = "<group>"; };
		D0E3C8FE1EFAAF18008878F0 /* EditProfileViewController.swift */ = {isa = PBXFileReference; fileEncoding = 4; lastKnownFileType = sourcecode.swift; path = EditProfileViewController.swift; sourceTree = "<group>"; };
		E2E5D967DD7837C20E0BBE0D /* Pods_pickupTests.framework */ = {isa = PBXFileReference; explicitFileType = wrapper.framework; includeInIndex = 0; path = Pods_pickupTests.framework; sourceTree = BUILT_PRODUCTS_DIR; };
		E885845A0ADCFB5F76AF55FF /* Pods-pickupTests.debug.xcconfig */ = {isa = PBXFileReference; includeInIndex = 1; lastKnownFileType = text.xcconfig; name = "Pods-pickupTests.debug.xcconfig"; path = "Pods/Target Support Files/Pods-pickupTests/Pods-pickupTests.debug.xcconfig"; sourceTree = "<group>"; };
		F84DB5CCB4B3DB224328D76D /* Pods-pickupTests.release.xcconfig */ = {isa = PBXFileReference; includeInIndex = 1; lastKnownFileType = text.xcconfig; name = "Pods-pickupTests.release.xcconfig"; path = "Pods/Target Support Files/Pods-pickupTests/Pods-pickupTests.release.xcconfig"; sourceTree = "<group>"; };
/* End PBXFileReference section */

/* Begin PBXFrameworksBuildPhase section */
		CC8666AD1EDF280E00CBB922 /* Frameworks */ = {
			isa = PBXFrameworksBuildPhase;
			buildActionMask = 2147483647;
			files = (
				C08325C82E01B5A6418183ED /* Pods_pickup.framework in Frameworks */,
				D47F2E63F27E2AEA0AA6BD6A /* Pods_pickup.framework in Frameworks */,
			);
			runOnlyForDeploymentPostprocessing = 0;
		};
		CC8666C11EDF280F00CBB922 /* Frameworks */ = {
			isa = PBXFrameworksBuildPhase;
			buildActionMask = 2147483647;
			files = (
				9C2B9AF175EE574EC39BE37A /* Pods_pickupTests.framework in Frameworks */,
				C3AECF2DFA8E1395DECD02FC /* Pods_pickupTests.framework in Frameworks */,
				AC641BACD0A4F0A7982804E6 /* Pods_pickupTests.framework in Frameworks */,
			);
			runOnlyForDeploymentPostprocessing = 0;
		};
		CC8666CC1EDF280F00CBB922 /* Frameworks */ = {
			isa = PBXFrameworksBuildPhase;
			buildActionMask = 2147483647;
			files = (
				B85891D1293606CBDD898045 /* Pods_pickupUITests.framework in Frameworks */,
				A23B7A62A78AB1CD17FBA51A /* Pods_pickupUITests.framework in Frameworks */,
				FD45A90BBE5936AB4BCEF94D /* Pods_pickupUITests.framework in Frameworks */,
			);
			runOnlyForDeploymentPostprocessing = 0;
		};
/* End PBXFrameworksBuildPhase section */

/* Begin PBXGroup section */
		1F6254DA4CD41E9252BB7478 /* Frameworks */ = {
			isa = PBXGroup;
			children = (
				2529698C5CA8157212E64330 /* Pods_pickup.framework */,
				C8B8F2D19A96080F5C319965 /* Pods_pickupTests.framework */,
				A14C22101FBF3D9EAF4A2A62 /* Pods_pickupUITests.framework */,
				47AA490943FD8CA6E5AB2819 /* Pods_pickup.framework */,
				780DECD41DC5A7FFDC0BD9C8 /* Pods_pickupTests.framework */,
				13F3EE7C1EA7EFF62BF370A3 /* Pods_pickupUITests.framework */,
			);
			name = Frameworks;
			sourceTree = "<group>";
		};
		376B5F271EF3BA6E00EA3F54 /* ViewControllers */ = {
			isa = PBXGroup;
			children = (
				371596F41F198CD4003B4CEF /* EditAvailabilityViewController.swift */,
				CC44D2E81F185D8C00B0ABF9 /* RegsiterAccountViewController.swift */,
				D039A1251F17CA1B002A4383 /* LoginViewController.swift */,
				37D866B81EF386F9009A6AEE /* InviteViewController.swift */,
				37AEBCE01EF17845008D425F /* EventDetailsController.swift */,
				37AEBCE21EF178A9008D425F /* HostEventController.swift */,
				378501661EF03747003E4C44 /* FriendsViewController.swift */,
				378779D41EEEB46D007F0DC4 /* EventViewController.swift */,
				376B5F281EF3BD0600EA3F54 /* FriendsListViewController.swift */,
				D0E3C8FC1EFAADB3008878F0 /* ProfileViewController.swift */,
				D0E3C8FE1EFAAF18008878F0 /* EditProfileViewController.swift */,
				51592F5C1EFA30900032F606 /* PlayersViewController.swift */,
				51A2C5561F02E8C900ACE711 /* FacilitiesViewController.swift */,
			);
			name = ViewControllers;
			sourceTree = "<group>";
		};
		508D08BA6F6B0419F006B034 /* Pods */ = {
			isa = PBXGroup;
			children = (
				959594FA4CB1E958854CC5C8 /* Pods-pickup.debug.xcconfig */,
				2702AA47A89EBF664DA2A49C /* Pods-pickup.release.xcconfig */,
				E885845A0ADCFB5F76AF55FF /* Pods-pickupTests.debug.xcconfig */,
				44523158AAFBC606DD91FB2E /* Pods-pickupTests.release.xcconfig */,
				8D3EE11DB379BBE30D437334 /* Pods-pickupUITests.debug.xcconfig */,
				8FF5A0A288C0EE6447576DE2 /* Pods-pickupUITests.release.xcconfig */,
			);
			name = Pods;
			sourceTree = "<group>";
		};
		9A4580F3B69E98F67803712F /* Frameworks */ = {
			isa = PBXGroup;
			children = (
				422796C3AEE507956CC6F5D1 /* Pods_pickup.framework */,
				E2E5D967DD7837C20E0BBE0D /* Pods_pickupTests.framework */,
				8CC4B237FB854C3819F76700 /* Pods_pickupUITests.framework */,
			);
			name = Frameworks;
			sourceTree = "<group>";
		};
		CC8666A71EDF280E00CBB922 = {
			isa = PBXGroup;
			children = (
				CC8666B21EDF280F00CBB922 /* pickup */,
				CC8666C71EDF280F00CBB922 /* pickupTests */,
				CC8666D21EDF280F00CBB922 /* pickupUITests */,
				CC8666B11EDF280F00CBB922 /* Products */,
				CCB3499A10DE2C07DDB6A46C /* Pods */,
				1F6254DA4CD41E9252BB7478 /* Frameworks */,
				508D08BA6F6B0419F006B034 /* Pods */,
				9A4580F3B69E98F67803712F /* Frameworks */,
			);
			sourceTree = "<group>";
		};
		CC8666B11EDF280F00CBB922 /* Products */ = {
			isa = PBXGroup;
			children = (
				CC8666B01EDF280F00CBB922 /* pickup.app */,
				CC8666C41EDF280F00CBB922 /* pickupTests.xctest */,
				CC8666CF1EDF280F00CBB922 /* pickupUITests.xctest */,
			);
			name = Products;
			sourceTree = "<group>";
		};
		CC8666B21EDF280F00CBB922 /* pickup */ = {
			isa = PBXGroup;
			children = (
				371596F81F198D15003B4CEF /* JTCalCellView.xib */,
				CC1D18D41EF87001009A0774 /* pickup.entitlements */,
				CC8666E11EDF2C4F00CBB922 /* GoogleService-Info.plist */,
				376B5F271EF3BA6E00EA3F54 /* ViewControllers */,
				CC8666B31EDF280F00CBB922 /* AppDelegate.swift */,
				CC8666B51EDF280F00CBB922 /* ViewController.swift */,
				CC8666B71EDF280F00CBB922 /* Main.storyboard */,
				371596F61F198CFE003B4CEF /* JTCalCellView.swift */,
				CC8666BA1EDF280F00CBB922 /* Assets.xcassets */,
				CC8666BC1EDF280F00CBB922 /* LaunchScreen.storyboard */,
				CC44D2EA1F1914F300B0ABF9 /* Login.storyboard */,
				CC8666BF1EDF280F00CBB922 /* Info.plist */,
			);
			path = pickup;
			sourceTree = "<group>";
		};
		CC8666C71EDF280F00CBB922 /* pickupTests */ = {
			isa = PBXGroup;
			children = (
				CC8666C81EDF280F00CBB922 /* pickupTests.swift */,
				CC8666CA1EDF280F00CBB922 /* Info.plist */,
			);
			path = pickupTests;
			sourceTree = "<group>";
		};
		CC8666D21EDF280F00CBB922 /* pickupUITests */ = {
			isa = PBXGroup;
			children = (
				CC8666D31EDF280F00CBB922 /* pickupUITests.swift */,
				CC8666D51EDF280F00CBB922 /* Info.plist */,
			);
			path = pickupUITests;
			sourceTree = "<group>";
		};
		CCB3499A10DE2C07DDB6A46C /* Pods */ = {
			isa = PBXGroup;
			children = (
				580D6FE4816A1334BA0D7D73 /* Pods-pickup.debug.xcconfig */,
				360F0FF0569F6DE6199DA785 /* Pods-pickup.release.xcconfig */,
				24D78A0A24933E39EBB065F6 /* Pods-pickupTests.debug.xcconfig */,
				F84DB5CCB4B3DB224328D76D /* Pods-pickupTests.release.xcconfig */,
				1F8E095235126920D2E4E4E5 /* Pods-pickupUITests.debug.xcconfig */,
				1D9FBDC8B9B12FDC270FEA10 /* Pods-pickupUITests.release.xcconfig */,
			);
			name = Pods;
			sourceTree = "<group>";
		};
/* End PBXGroup section */

/* Begin PBXNativeTarget section */
		CC8666AF1EDF280E00CBB922 /* pickup */ = {
			isa = PBXNativeTarget;
			buildConfigurationList = CC8666D81EDF280F00CBB922 /* Build configuration list for PBXNativeTarget "pickup" */;
			buildPhases = (
				50973AB5EF5F6E1E26E24FCA /* [CP] Check Pods Manifest.lock */,
				CC8666AC1EDF280E00CBB922 /* Sources */,
				CC8666AD1EDF280E00CBB922 /* Frameworks */,
				CC8666AE1EDF280E00CBB922 /* Resources */,
				DF3E99FF0972FE0D1A660E90 /* [CP] Embed Pods Frameworks */,
				75DF581D03A719A181F2CF84 /* [CP] Copy Pods Resources */,
			);
			buildRules = (
			);
			dependencies = (
			);
			name = pickup;
			productName = pickup;
			productReference = CC8666B01EDF280F00CBB922 /* pickup.app */;
			productType = "com.apple.product-type.application";
		};
		CC8666C31EDF280F00CBB922 /* pickupTests */ = {
			isa = PBXNativeTarget;
			buildConfigurationList = CC8666DB1EDF280F00CBB922 /* Build configuration list for PBXNativeTarget "pickupTests" */;
			buildPhases = (
				772D113DA38BF2B769C74196 /* [CP] Check Pods Manifest.lock */,
				CC8666C11EDF280F00CBB922 /* Frameworks */,
				CC8666C21EDF280F00CBB922 /* Resources */,
				2694072F756385C49C8B2D9D /* [CP] Embed Pods Frameworks */,
				B4D39A7B94F6A753E258FF60 /* [CP] Copy Pods Resources */,
			);
			buildRules = (
			);
			dependencies = (
				CC8666C61EDF280F00CBB922 /* PBXTargetDependency */,
			);
			name = pickupTests;
			productName = pickupTests;
			productReference = CC8666C41EDF280F00CBB922 /* pickupTests.xctest */;
			productType = "com.apple.product-type.bundle.unit-test";
		};
		CC8666CE1EDF280F00CBB922 /* pickupUITests */ = {
			isa = PBXNativeTarget;
			buildConfigurationList = CC8666DE1EDF280F00CBB922 /* Build configuration list for PBXNativeTarget "pickupUITests" */;
			buildPhases = (
				DFB3CFE31D4BA6607943B675 /* [CP] Check Pods Manifest.lock */,
				CC8666CB1EDF280F00CBB922 /* Sources */,
				CC8666CC1EDF280F00CBB922 /* Frameworks */,
				CC8666CD1EDF280F00CBB922 /* Resources */,
				FD52DB389C6274F45C86D46D /* [CP] Embed Pods Frameworks */,
				7853909CE1110DBFACA7F18B /* [CP] Copy Pods Resources */,
			);
			buildRules = (
			);
			dependencies = (
				CC8666D11EDF280F00CBB922 /* PBXTargetDependency */,
			);
			name = pickupUITests;
			productName = pickupUITests;
			productReference = CC8666CF1EDF280F00CBB922 /* pickupUITests.xctest */;
			productType = "com.apple.product-type.bundle.ui-testing";
		};
/* End PBXNativeTarget section */

/* Begin PBXProject section */
		CC8666A81EDF280E00CBB922 /* Project object */ = {
			isa = PBXProject;
			attributes = {
				LastSwiftUpdateCheck = 0810;
				LastUpgradeCheck = 0830;
				ORGANIZATIONNAME = CS446;
				TargetAttributes = {
					CC8666AF1EDF280E00CBB922 = {
						CreatedOnToolsVersion = 8.1;
						DevelopmentTeam = LBWRVGK95J;
						LastSwiftMigration = 0830;
						ProvisioningStyle = Automatic;
						SystemCapabilities = {
							com.apple.BackgroundModes = {
								enabled = 1;
							};
							com.apple.Keychain = {
								enabled = 1;
							};
							com.apple.Push = {
								enabled = 1;
							};
						};
					};
					CC8666C31EDF280F00CBB922 = {
						CreatedOnToolsVersion = 8.1;
						DevelopmentTeam = LBWRVGK95J;
						ProvisioningStyle = Automatic;
						TestTargetID = CC8666AF1EDF280E00CBB922;
					};
					CC8666CE1EDF280F00CBB922 = {
						CreatedOnToolsVersion = 8.1;
						DevelopmentTeam = LBWRVGK95J;
						ProvisioningStyle = Automatic;
						TestTargetID = CC8666AF1EDF280E00CBB922;
					};
				};
			};
			buildConfigurationList = CC8666AB1EDF280E00CBB922 /* Build configuration list for PBXProject "pickup" */;
			compatibilityVersion = "Xcode 3.2";
			developmentRegion = English;
			hasScannedForEncodings = 0;
			knownRegions = (
				en,
				Base,
			);
			mainGroup = CC8666A71EDF280E00CBB922;
			productRefGroup = CC8666B11EDF280F00CBB922 /* Products */;
			projectDirPath = "";
			projectRoot = "";
			targets = (
				CC8666AF1EDF280E00CBB922 /* pickup */,
				CC8666C31EDF280F00CBB922 /* pickupTests */,
				CC8666CE1EDF280F00CBB922 /* pickupUITests */,
			);
		};
/* End PBXProject section */

/* Begin PBXResourcesBuildPhase section */
		CC8666AE1EDF280E00CBB922 /* Resources */ = {
			isa = PBXResourcesBuildPhase;
			buildActionMask = 2147483647;
			files = (
				CC8666BE1EDF280F00CBB922 /* LaunchScreen.storyboard in Resources */,
				CC8666E21EDF2C4F00CBB922 /* GoogleService-Info.plist in Resources */,
				CC44D2EB1F1914F300B0ABF9 /* Login.storyboard in Resources */,
				CC8666BB1EDF280F00CBB922 /* Assets.xcassets in Resources */,
				CC8666B91EDF280F00CBB922 /* Main.storyboard in Resources */,
				371596F91F198D15003B4CEF /* JTCalCellView.xib in Resources */,
			);
			runOnlyForDeploymentPostprocessing = 0;
		};
		CC8666C21EDF280F00CBB922 /* Resources */ = {
			isa = PBXResourcesBuildPhase;
			buildActionMask = 2147483647;
			files = (
			);
			runOnlyForDeploymentPostprocessing = 0;
		};
		CC8666CD1EDF280F00CBB922 /* Resources */ = {
			isa = PBXResourcesBuildPhase;
			buildActionMask = 2147483647;
			files = (
			);
			runOnlyForDeploymentPostprocessing = 0;
		};
/* End PBXResourcesBuildPhase section */

/* Begin PBXShellScriptBuildPhase section */
		2694072F756385C49C8B2D9D /* [CP] Embed Pods Frameworks */ = {
			isa = PBXShellScriptBuildPhase;
			buildActionMask = 2147483647;
			files = (
			);
			inputPaths = (
			);
			name = "[CP] Embed Pods Frameworks";
			outputPaths = (
			);
			runOnlyForDeploymentPostprocessing = 0;
			shellPath = /bin/sh;
			shellScript = "\"${SRCROOT}/Pods/Target Support Files/Pods-pickupTests/Pods-pickupTests-frameworks.sh\"\n";
			showEnvVarsInLog = 0;
		};
		50973AB5EF5F6E1E26E24FCA /* [CP] Check Pods Manifest.lock */ = {
			isa = PBXShellScriptBuildPhase;
			buildActionMask = 2147483647;
			files = (
			);
			inputPaths = (
			);
			name = "[CP] Check Pods Manifest.lock";
			outputPaths = (
			);
			runOnlyForDeploymentPostprocessing = 0;
			shellPath = /bin/sh;
			shellScript = "diff \"${PODS_PODFILE_DIR_PATH}/Podfile.lock\" \"${PODS_ROOT}/Manifest.lock\" > /dev/null\nif [ $? != 0 ] ; then\n    # print error to STDERR\n    echo \"error: The sandbox is not in sync with the Podfile.lock. Run 'pod install' or update your CocoaPods installation.\" >&2\n    exit 1\nfi\n";
			showEnvVarsInLog = 0;
		};
		75DF581D03A719A181F2CF84 /* [CP] Copy Pods Resources */ = {
			isa = PBXShellScriptBuildPhase;
			buildActionMask = 2147483647;
			files = (
			);
			inputPaths = (
			);
			name = "[CP] Copy Pods Resources";
			outputPaths = (
			);
			runOnlyForDeploymentPostprocessing = 0;
			shellPath = /bin/sh;
			shellScript = "\"${SRCROOT}/Pods/Target Support Files/Pods-pickup/Pods-pickup-resources.sh\"\n";
			showEnvVarsInLog = 0;
		};
		772D113DA38BF2B769C74196 /* [CP] Check Pods Manifest.lock */ = {
			isa = PBXShellScriptBuildPhase;
			buildActionMask = 2147483647;
			files = (
			);
			inputPaths = (
			);
			name = "[CP] Check Pods Manifest.lock";
			outputPaths = (
			);
			runOnlyForDeploymentPostprocessing = 0;
			shellPath = /bin/sh;
			shellScript = "diff \"${PODS_PODFILE_DIR_PATH}/Podfile.lock\" \"${PODS_ROOT}/Manifest.lock\" > /dev/null\nif [ $? != 0 ] ; then\n    # print error to STDERR\n    echo \"error: The sandbox is not in sync with the Podfile.lock. Run 'pod install' or update your CocoaPods installation.\" >&2\n    exit 1\nfi\n";
			showEnvVarsInLog = 0;
		};
		7853909CE1110DBFACA7F18B /* [CP] Copy Pods Resources */ = {
			isa = PBXShellScriptBuildPhase;
			buildActionMask = 2147483647;
			files = (
			);
			inputPaths = (
			);
			name = "[CP] Copy Pods Resources";
			outputPaths = (
			);
			runOnlyForDeploymentPostprocessing = 0;
			shellPath = /bin/sh;
			shellScript = "\"${SRCROOT}/Pods/Target Support Files/Pods-pickupUITests/Pods-pickupUITests-resources.sh\"\n";
			showEnvVarsInLog = 0;
		};
		B4D39A7B94F6A753E258FF60 /* [CP] Copy Pods Resources */ = {
			isa = PBXShellScriptBuildPhase;
			buildActionMask = 2147483647;
			files = (
			);
			inputPaths = (
			);
			name = "[CP] Copy Pods Resources";
			outputPaths = (
			);
			runOnlyForDeploymentPostprocessing = 0;
			shellPath = /bin/sh;
			shellScript = "\"${SRCROOT}/Pods/Target Support Files/Pods-pickupTests/Pods-pickupTests-resources.sh\"\n";
			showEnvVarsInLog = 0;
		};
		DF3E99FF0972FE0D1A660E90 /* [CP] Embed Pods Frameworks */ = {
			isa = PBXShellScriptBuildPhase;
			buildActionMask = 2147483647;
			files = (
			);
			inputPaths = (
			);
			name = "[CP] Embed Pods Frameworks";
			outputPaths = (
			);
			runOnlyForDeploymentPostprocessing = 0;
			shellPath = /bin/sh;
			shellScript = "\"${SRCROOT}/Pods/Target Support Files/Pods-pickup/Pods-pickup-frameworks.sh\"\n";
			showEnvVarsInLog = 0;
		};
		DFB3CFE31D4BA6607943B675 /* [CP] Check Pods Manifest.lock */ = {
			isa = PBXShellScriptBuildPhase;
			buildActionMask = 2147483647;
			files = (
			);
			inputPaths = (
			);
			name = "[CP] Check Pods Manifest.lock";
			outputPaths = (
			);
			runOnlyForDeploymentPostprocessing = 0;
			shellPath = /bin/sh;
			shellScript = "diff \"${PODS_PODFILE_DIR_PATH}/Podfile.lock\" \"${PODS_ROOT}/Manifest.lock\" > /dev/null\nif [ $? != 0 ] ; then\n    # print error to STDERR\n    echo \"error: The sandbox is not in sync with the Podfile.lock. Run 'pod install' or update your CocoaPods installation.\" >&2\n    exit 1\nfi\n";
			showEnvVarsInLog = 0;
		};
		FD52DB389C6274F45C86D46D /* [CP] Embed Pods Frameworks */ = {
			isa = PBXShellScriptBuildPhase;
			buildActionMask = 2147483647;
			files = (
			);
			inputPaths = (
			);
			name = "[CP] Embed Pods Frameworks";
			outputPaths = (
			);
			runOnlyForDeploymentPostprocessing = 0;
			shellPath = /bin/sh;
			shellScript = "\"${SRCROOT}/Pods/Target Support Files/Pods-pickupUITests/Pods-pickupUITests-frameworks.sh\"\n";
			showEnvVarsInLog = 0;
		};
/* End PBXShellScriptBuildPhase section */

/* Begin PBXSourcesBuildPhase section */
		CC8666AC1EDF280E00CBB922 /* Sources */ = {
			isa = PBXSourcesBuildPhase;
			buildActionMask = 2147483647;
			files = (
				D0E3C8FD1EFAADB3008878F0 /* ProfileViewController.swift in Sources */,
				371596F71F198CFE003B4CEF /* JTCalCellView.swift in Sources */,
				376B5F291EF3BD0600EA3F54 /* FriendsListViewController.swift in Sources */,
				37AEBCE31EF178A9008D425F /* HostEventController.swift in Sources */,
				CC44D2E91F185D8C00B0ABF9 /* RegsiterAccountViewController.swift in Sources */,
				51592F5D1EFA30900032F606 /* PlayersViewController.swift in Sources */,
				CC8666B41EDF280F00CBB922 /* AppDelegate.swift in Sources */,
				378501671EF03747003E4C44 /* FriendsViewController.swift in Sources */,
				51A2C5571F02E8C900ACE711 /* FacilitiesViewController.swift in Sources */,
				37AEBCE11EF17845008D425F /* EventDetailsController.swift in Sources */,
				37D866B91EF386F9009A6AEE /* InviteViewController.swift in Sources */,
				378779D51EEEB46D007F0DC4 /* EventViewController.swift in Sources */,
				D0E3C8FF1EFAAF18008878F0 /* EditProfileViewController.swift in Sources */,
				D039A1261F17CA1B002A4383 /* LoginViewController.swift in Sources */,
				371596F51F198CD4003B4CEF /* EditAvailabilityViewController.swift in Sources */,
			);
			runOnlyForDeploymentPostprocessing = 0;
		};
		CC8666CB1EDF280F00CBB922 /* Sources */ = {
			isa = PBXSourcesBuildPhase;
			buildActionMask = 2147483647;
			files = (
				CC8666D41EDF280F00CBB922 /* pickupUITests.swift in Sources */,
			);
			runOnlyForDeploymentPostprocessing = 0;
		};
/* End PBXSourcesBuildPhase section */

/* Begin PBXTargetDependency section */
		CC8666C61EDF280F00CBB922 /* PBXTargetDependency */ = {
			isa = PBXTargetDependency;
			target = CC8666AF1EDF280E00CBB922 /* pickup */;
			targetProxy = CC8666C51EDF280F00CBB922 /* PBXContainerItemProxy */;
		};
		CC8666D11EDF280F00CBB922 /* PBXTargetDependency */ = {
			isa = PBXTargetDependency;
			target = CC8666AF1EDF280E00CBB922 /* pickup */;
			targetProxy = CC8666D01EDF280F00CBB922 /* PBXContainerItemProxy */;
		};
/* End PBXTargetDependency section */

/* Begin PBXVariantGroup section */
		CC8666B71EDF280F00CBB922 /* Main.storyboard */ = {
			isa = PBXVariantGroup;
			children = (
				CC8666B81EDF280F00CBB922 /* Base */,
			);
			name = Main.storyboard;
			sourceTree = "<group>";
		};
		CC8666BC1EDF280F00CBB922 /* LaunchScreen.storyboard */ = {
			isa = PBXVariantGroup;
			children = (
				CC8666BD1EDF280F00CBB922 /* Base */,
			);
			name = LaunchScreen.storyboard;
			sourceTree = "<group>";
		};
/* End PBXVariantGroup section */

/* Begin XCBuildConfiguration section */
		CC8666D61EDF280F00CBB922 /* Debug */ = {
			isa = XCBuildConfiguration;
			buildSettings = {
				ALWAYS_SEARCH_USER_PATHS = NO;
				CLANG_ANALYZER_NONNULL = YES;
				CLANG_CXX_LANGUAGE_STANDARD = "gnu++0x";
				CLANG_CXX_LIBRARY = "libc++";
				CLANG_ENABLE_MODULES = YES;
				CLANG_ENABLE_OBJC_ARC = YES;
				CLANG_WARN_BOOL_CONVERSION = YES;
				CLANG_WARN_CONSTANT_CONVERSION = YES;
				CLANG_WARN_DIRECT_OBJC_ISA_USAGE = YES_ERROR;
				CLANG_WARN_DOCUMENTATION_COMMENTS = YES;
				CLANG_WARN_EMPTY_BODY = YES;
				CLANG_WARN_ENUM_CONVERSION = YES;
				CLANG_WARN_INFINITE_RECURSION = YES;
				CLANG_WARN_INT_CONVERSION = YES;
				CLANG_WARN_OBJC_ROOT_CLASS = YES_ERROR;
				CLANG_WARN_SUSPICIOUS_MOVE = YES;
				CLANG_WARN_SUSPICIOUS_MOVES = YES;
				CLANG_WARN_UNREACHABLE_CODE = YES;
				CLANG_WARN__DUPLICATE_METHOD_MATCH = YES;
				CODE_SIGN_IDENTITY = "iPhone Developer";
				"CODE_SIGN_IDENTITY[sdk=iphoneos*]" = "iPhone Developer";
				COPY_PHASE_STRIP = NO;
				DEBUG_INFORMATION_FORMAT = dwarf;
				DEVELOPMENT_TEAM = LBWRVGK95J;
				ENABLE_STRICT_OBJC_MSGSEND = YES;
				ENABLE_TESTABILITY = YES;
				GCC_C_LANGUAGE_STANDARD = gnu99;
				GCC_DYNAMIC_NO_PIC = NO;
				GCC_NO_COMMON_BLOCKS = YES;
				GCC_OPTIMIZATION_LEVEL = 0;
				GCC_PREPROCESSOR_DEFINITIONS = (
					"DEBUG=1",
					"$(inherited)",
				);
				GCC_WARN_64_TO_32_BIT_CONVERSION = YES;
				GCC_WARN_ABOUT_RETURN_TYPE = YES_ERROR;
				GCC_WARN_UNDECLARED_SELECTOR = YES;
				GCC_WARN_UNINITIALIZED_AUTOS = YES_AGGRESSIVE;
				GCC_WARN_UNUSED_FUNCTION = YES;
				GCC_WARN_UNUSED_VARIABLE = YES;
				IPHONEOS_DEPLOYMENT_TARGET = 10.3;
				MTL_ENABLE_DEBUG_INFO = YES;
				ONLY_ACTIVE_ARCH = YES;
				PROVISIONING_PROFILE = "";
				SDKROOT = iphoneos;
				SWIFT_ACTIVE_COMPILATION_CONDITIONS = DEBUG;
				SWIFT_OPTIMIZATION_LEVEL = "-Onone";
				TARGETED_DEVICE_FAMILY = "1,2";
			};
			name = Debug;
		};
		CC8666D71EDF280F00CBB922 /* Release */ = {
			isa = XCBuildConfiguration;
			buildSettings = {
				ALWAYS_SEARCH_USER_PATHS = NO;
				CLANG_ANALYZER_NONNULL = YES;
				CLANG_CXX_LANGUAGE_STANDARD = "gnu++0x";
				CLANG_CXX_LIBRARY = "libc++";
				CLANG_ENABLE_MODULES = YES;
				CLANG_ENABLE_OBJC_ARC = YES;
				CLANG_WARN_BOOL_CONVERSION = YES;
				CLANG_WARN_CONSTANT_CONVERSION = YES;
				CLANG_WARN_DIRECT_OBJC_ISA_USAGE = YES_ERROR;
				CLANG_WARN_DOCUMENTATION_COMMENTS = YES;
				CLANG_WARN_EMPTY_BODY = YES;
				CLANG_WARN_ENUM_CONVERSION = YES;
				CLANG_WARN_INFINITE_RECURSION = YES;
				CLANG_WARN_INT_CONVERSION = YES;
				CLANG_WARN_OBJC_ROOT_CLASS = YES_ERROR;
				CLANG_WARN_SUSPICIOUS_MOVE = YES;
				CLANG_WARN_SUSPICIOUS_MOVES = YES;
				CLANG_WARN_UNREACHABLE_CODE = YES;
				CLANG_WARN__DUPLICATE_METHOD_MATCH = YES;
				CODE_SIGN_IDENTITY = "iPhone Developer";
				"CODE_SIGN_IDENTITY[sdk=iphoneos*]" = "iPhone Developer";
				COPY_PHASE_STRIP = NO;
				DEBUG_INFORMATION_FORMAT = "dwarf-with-dsym";
				DEVELOPMENT_TEAM = LBWRVGK95J;
				ENABLE_NS_ASSERTIONS = NO;
				ENABLE_STRICT_OBJC_MSGSEND = YES;
				GCC_C_LANGUAGE_STANDARD = gnu99;
				GCC_NO_COMMON_BLOCKS = YES;
				GCC_WARN_64_TO_32_BIT_CONVERSION = YES;
				GCC_WARN_ABOUT_RETURN_TYPE = YES_ERROR;
				GCC_WARN_UNDECLARED_SELECTOR = YES;
				GCC_WARN_UNINITIALIZED_AUTOS = YES_AGGRESSIVE;
				GCC_WARN_UNUSED_FUNCTION = YES;
				GCC_WARN_UNUSED_VARIABLE = YES;
				IPHONEOS_DEPLOYMENT_TARGET = 10.3;
				MTL_ENABLE_DEBUG_INFO = NO;
				PROVISIONING_PROFILE = "";
				SDKROOT = iphoneos;
				SWIFT_OPTIMIZATION_LEVEL = "-Owholemodule";
				TARGETED_DEVICE_FAMILY = "1,2";
				VALIDATE_PRODUCT = YES;
			};
			name = Release;
		};
		CC8666D91EDF280F00CBB922 /* Debug */ = {
			isa = XCBuildConfiguration;
			baseConfigurationReference = 580D6FE4816A1334BA0D7D73 /* Pods-pickup.debug.xcconfig */;
			buildSettings = {
				ASSETCATALOG_COMPILER_APPICON_NAME = AppIcon;
				CLANG_ENABLE_MODULES = YES;
				CODE_SIGN_ENTITLEMENTS = pickup/pickup.entitlements;
				"CODE_SIGN_IDENTITY[sdk=iphoneos*]" = "iPhone Developer";
				DEVELOPMENT_TEAM = LBWRVGK95J;
				INFOPLIST_FILE = pickup/Info.plist;
				IPHONEOS_DEPLOYMENT_TARGET = 10.2;
				LD_RUNPATH_SEARCH_PATHS = "$(inherited) @executable_path/Frameworks";
				PRODUCT_BUNDLE_IDENTIFIER = com.cs446.pickup;
				PRODUCT_NAME = "$(TARGET_NAME)";
				PROVISIONING_PROFILE = "";
				PROVISIONING_PROFILE_SPECIFIER = "";
				SWIFT_OBJC_BRIDGING_HEADER = "pickup/pickup-Bridging-Header.h";
				SWIFT_OPTIMIZATION_LEVEL = "-Onone";
				SWIFT_VERSION = 3.0;
			};
			name = Debug;
		};
		CC8666DA1EDF280F00CBB922 /* Release */ = {
			isa = XCBuildConfiguration;
			baseConfigurationReference = 360F0FF0569F6DE6199DA785 /* Pods-pickup.release.xcconfig */;
			buildSettings = {
				ASSETCATALOG_COMPILER_APPICON_NAME = AppIcon;
				CLANG_ENABLE_MODULES = YES;
				CODE_SIGN_ENTITLEMENTS = pickup/pickup.entitlements;
				"CODE_SIGN_IDENTITY[sdk=iphoneos*]" = "iPhone Developer";
				DEVELOPMENT_TEAM = LBWRVGK95J;
				INFOPLIST_FILE = pickup/Info.plist;
				IPHONEOS_DEPLOYMENT_TARGET = 10.2;
				LD_RUNPATH_SEARCH_PATHS = "$(inherited) @executable_path/Frameworks";
				PRODUCT_BUNDLE_IDENTIFIER = com.cs446.pickup;
				PRODUCT_NAME = "$(TARGET_NAME)";
				PROVISIONING_PROFILE_SPECIFIER = "";
				SWIFT_OBJC_BRIDGING_HEADER = "pickup/pickup-Bridging-Header.h";
				SWIFT_VERSION = 3.0;
			};
			name = Release;
		};
		CC8666DC1EDF280F00CBB922 /* Debug */ = {
			isa = XCBuildConfiguration;
			baseConfigurationReference = 24D78A0A24933E39EBB065F6 /* Pods-pickupTests.debug.xcconfig */;
			buildSettings = {
				ALWAYS_EMBED_SWIFT_STANDARD_LIBRARIES = YES;
				BUNDLE_LOADER = "$(TEST_HOST)";
				INFOPLIST_FILE = pickupTests/Info.plist;
				LD_RUNPATH_SEARCH_PATHS = "$(inherited) @executable_path/Frameworks @loader_path/Frameworks";
				PRODUCT_BUNDLE_IDENTIFIER = com.cs446.pickupTests;
				PRODUCT_NAME = "$(TARGET_NAME)";
				SWIFT_VERSION = 3.0;
				TEST_HOST = "$(BUILT_PRODUCTS_DIR)/pickup.app/pickup";
			};
			name = Debug;
		};
		CC8666DD1EDF280F00CBB922 /* Release */ = {
			isa = XCBuildConfiguration;
			baseConfigurationReference = F84DB5CCB4B3DB224328D76D /* Pods-pickupTests.release.xcconfig */;
			buildSettings = {
				ALWAYS_EMBED_SWIFT_STANDARD_LIBRARIES = YES;
				BUNDLE_LOADER = "$(TEST_HOST)";
				INFOPLIST_FILE = pickupTests/Info.plist;
				LD_RUNPATH_SEARCH_PATHS = "$(inherited) @executable_path/Frameworks @loader_path/Frameworks";
				PRODUCT_BUNDLE_IDENTIFIER = com.cs446.pickupTests;
				PRODUCT_NAME = "$(TARGET_NAME)";
				SWIFT_VERSION = 3.0;
				TEST_HOST = "$(BUILT_PRODUCTS_DIR)/pickup.app/pickup";
			};
			name = Release;
		};
		CC8666DF1EDF280F00CBB922 /* Debug */ = {
			isa = XCBuildConfiguration;
			baseConfigurationReference = 1F8E095235126920D2E4E4E5 /* Pods-pickupUITests.debug.xcconfig */;
			buildSettings = {
				ALWAYS_EMBED_SWIFT_STANDARD_LIBRARIES = YES;
				INFOPLIST_FILE = pickupUITests/Info.plist;
				LD_RUNPATH_SEARCH_PATHS = "$(inherited) @executable_path/Frameworks @loader_path/Frameworks";
				PRODUCT_BUNDLE_IDENTIFIER = com.cs446.pickupUITests;
				PRODUCT_NAME = "$(TARGET_NAME)";
				SWIFT_VERSION = 3.0;
				TEST_TARGET_NAME = pickup;
			};
			name = Debug;
		};
		CC8666E01EDF280F00CBB922 /* Release */ = {
			isa = XCBuildConfiguration;
			baseConfigurationReference = 1D9FBDC8B9B12FDC270FEA10 /* Pods-pickupUITests.release.xcconfig */;
			buildSettings = {
				ALWAYS_EMBED_SWIFT_STANDARD_LIBRARIES = YES;
				INFOPLIST_FILE = pickupUITests/Info.plist;
				LD_RUNPATH_SEARCH_PATHS = "$(inherited) @executable_path/Frameworks @loader_path/Frameworks";
				PRODUCT_BUNDLE_IDENTIFIER = com.cs446.pickupUITests;
				PRODUCT_NAME = "$(TARGET_NAME)";
				SWIFT_VERSION = 3.0;
				TEST_TARGET_NAME = pickup;
			};
			name = Release;
		};
/* End XCBuildConfiguration section */

/* Begin XCConfigurationList section */
		CC8666AB1EDF280E00CBB922 /* Build configuration list for PBXProject "pickup" */ = {
			isa = XCConfigurationList;
			buildConfigurations = (
				CC8666D61EDF280F00CBB922 /* Debug */,
				CC8666D71EDF280F00CBB922 /* Release */,
			);
			defaultConfigurationIsVisible = 0;
			defaultConfigurationName = Release;
		};
		CC8666D81EDF280F00CBB922 /* Build configuration list for PBXNativeTarget "pickup" */ = {
			isa = XCConfigurationList;
			buildConfigurations = (
				CC8666D91EDF280F00CBB922 /* Debug */,
				CC8666DA1EDF280F00CBB922 /* Release */,
			);
			defaultConfigurationIsVisible = 0;
			defaultConfigurationName = Release;
		};
		CC8666DB1EDF280F00CBB922 /* Build configuration list for PBXNativeTarget "pickupTests" */ = {
			isa = XCConfigurationList;
			buildConfigurations = (
				CC8666DC1EDF280F00CBB922 /* Debug */,
				CC8666DD1EDF280F00CBB922 /* Release */,
			);
			defaultConfigurationIsVisible = 0;
			defaultConfigurationName = Release;
		};
		CC8666DE1EDF280F00CBB922 /* Build configuration list for PBXNativeTarget "pickupUITests" */ = {
			isa = XCConfigurationList;
			buildConfigurations = (
				CC8666DF1EDF280F00CBB922 /* Debug */,
				CC8666E01EDF280F00CBB922 /* Release */,
			);
			defaultConfigurationIsVisible = 0;
			defaultConfigurationName = Release;
		};
/* End XCConfigurationList section */
	};
	rootObject = CC8666A81EDF280E00CBB922 /* Project object */;
}
